PODS:
  - Cosmos (23.0.0)
  - TinkoffASDKCore (2.10.2)
  - TinkoffASDKUI (2.10.2):
    - TinkoffASDKCore
  - YandexMapsMobile (4.1.0-full)

DEPENDENCIES:
  - Cosmos
  - TinkoffASDKCore
  - TinkoffASDKUI
  - YandexMapsMobile (= 4.1.0-full)

SPEC REPOS:
  trunk:
    - Cosmos
    - TinkoffASDKCore
    - TinkoffASDKUI
    - YandexMapsMobile

SPEC CHECKSUMS:
  Cosmos: b5c6a9a637e28a061b54c8f8b1d8529d7d4db73f
  TinkoffASDKCore: 716361a3d7f0a2648c2dba8e9077e78b9fc2a228
  TinkoffASDKUI: aca07916fe549eb421225e3fb9aebaf18220b636
  YandexMapsMobile: c145ffd0dbdbb8079fca1eb6706cf9e751b07809

PODFILE CHECKSUM: d3aaf3a0370123d2218a7751e5250f741dc9e1dd

COCOAPODS: 1.11.3
