PODS:
  - TinkoffASDKCore (2.9.1)
  - TinkoffASDKUI (2.9.1):
    - TinkoffASDKCore
  - YandexMapsMobile (4.1.0-full)

DEPENDENCIES:
  - TinkoffASDKCore
  - TinkoffASDKUI
  - YandexMapsMobile (= 4.1.0-full)

SPEC REPOS:
  trunk:
    - TinkoffASDKCore
    - TinkoffASDKUI
    - YandexMapsMobile

SPEC CHECKSUMS:
  TinkoffASDKCore: fa58d1d5763182d49babbd9435f97741327f4b44
  TinkoffASDKUI: 345596463c52bc4c477993ea55a5af840f33bd51
  YandexMapsMobile: c145ffd0dbdbb8079fca1eb6706cf9e751b07809

PODFILE CHECKSUM: 672403962b02867878e6705c0f57981d19a6bd9f

COCOAPODS: 1.11.3
