PODS:
  - Cosmos (23.0.0)
  - TinkoffASDKCore (2.10.1)
  - TinkoffASDKUI (2.10.1):
    - TinkoffASDKCore
  - YandexMapsMobile (4.1.0-full)

DEPENDENCIES:
  - Cosmos
  - TinkoffASDKCore
  - TinkoffASDKUI
  - YandexMapsMobile (= 4.1.0-full)

SPEC REPOS:
  trunk:
    - Cosmos
    - TinkoffASDKCore
    - TinkoffASDKUI
    - YandexMapsMobile

SPEC CHECKSUMS:
  Cosmos: b5c6a9a637e28a061b54c8f8b1d8529d7d4db73f
  TinkoffASDKCore: 57a34387bc0e047b4e190abdfc731aa05f96ac64
  TinkoffASDKUI: 92aa236619417d0c9aff2ad171cb0ea2b184c5e0
  YandexMapsMobile: c145ffd0dbdbb8079fca1eb6706cf9e751b07809

PODFILE CHECKSUM: d3aaf3a0370123d2218a7751e5250f741dc9e1dd

COCOAPODS: 1.11.3
