// !$*UTF8*$!
{
	archiveVersion = 1;
	classes = {
	};
	objectVersion = 55;
	objects = {

/* Begin PBXBuildFile section */
		263836BA288C1EDB00EA4353 /* AppDelegate.swift in Sources */ = {isa = PBXBuildFile; fileRef = 263836B9288C1EDB00EA4353 /* AppDelegate.swift */; };
		263836BC288C1EDB00EA4353 /* SceneDelegate.swift in Sources */ = {isa = PBXBuildFile; fileRef = 263836BB288C1EDB00EA4353 /* SceneDelegate.swift */; };
		263836C3288C1EDD00EA4353 /* Assets.xcassets in Resources */ = {isa = PBXBuildFile; fileRef = 263836C2288C1EDD00EA4353 /* Assets.xcassets */; };
		263836C6288C1EDD00EA4353 /* LaunchScreen.storyboard in Resources */ = {isa = PBXBuildFile; fileRef = 263836C4288C1EDD00EA4353 /* LaunchScreen.storyboard */; };
		267D55E0289286E2007AA452 /* MapButtonsView.swift in Sources */ = {isa = PBXBuildFile; fileRef = 267D55DF289286E2007AA452 /* MapButtonsView.swift */; };
		267D55E22892BB87007AA452 /* CashView.swift in Sources */ = {isa = PBXBuildFile; fileRef = 267D55E12892BB87007AA452 /* CashView.swift */; };
		9408FF3D28900773002B1C12 /* MainMapViewController.swift in Sources */ = {isa = PBXBuildFile; fileRef = 9408FF3C28900773002B1C12 /* MainMapViewController.swift */; };
		9408FF3F289007E1002B1C12 /* OrderSheetViewController.swift in Sources */ = {isa = PBXBuildFile; fileRef = 9408FF3E289007E1002B1C12 /* OrderSheetViewController.swift */; };
		9408FF4528900855002B1C12 /* OrderSheetTransitionDelegate.swift in Sources */ = {isa = PBXBuildFile; fileRef = 9408FF4228900855002B1C12 /* OrderSheetTransitionDelegate.swift */; };
		9408FF4628900855002B1C12 /* OrderSheetPresentationViewController.swift in Sources */ = {isa = PBXBuildFile; fileRef = 9408FF4328900855002B1C12 /* OrderSheetPresentationViewController.swift */; };
		9408FF4728900855002B1C12 /* OrderSheetAnimator.swift in Sources */ = {isa = PBXBuildFile; fileRef = 9408FF4428900855002B1C12 /* OrderSheetAnimator.swift */; };
		9408FF4A289032A9002B1C12 /* ScaleButton.swift in Sources */ = {isa = PBXBuildFile; fileRef = 9408FF49289032A9002B1C12 /* ScaleButton.swift */; };
		9408FF4D28906ADF002B1C12 /* MainMapViewModel.swift in Sources */ = {isa = PBXBuildFile; fileRef = 9408FF4C28906ADF002B1C12 /* MainMapViewModel.swift */; };
		9408FF5028906B1A002B1C12 /* MainMapConfigurator.swift in Sources */ = {isa = PBXBuildFile; fileRef = 9408FF4F28906B1A002B1C12 /* MainMapConfigurator.swift */; };
		9408FF5328906B33002B1C12 /* MainMapRouter.swift in Sources */ = {isa = PBXBuildFile; fileRef = 9408FF5228906B33002B1C12 /* MainMapRouter.swift */; };
		9408FF5728906C89002B1C12 /* MommysEye in Frameworks */ = {isa = PBXBuildFile; productRef = 9408FF5628906C89002B1C12 /* MommysEye */; };
		9408FF59289070D4002B1C12 /* SceneConfiguratorProtocol.swift in Sources */ = {isa = PBXBuildFile; fileRef = 9408FF58289070D4002B1C12 /* SceneConfiguratorProtocol.swift */; };
		94D2155B288F285E00DFE786 /* Parking.swift in Sources */ = {isa = PBXBuildFile; fileRef = 94D21550288F285E00DFE786 /* Parking.swift */; };
		94D2155C288F285E00DFE786 /* ParkingGateway.swift in Sources */ = {isa = PBXBuildFile; fileRef = 94D21552288F285E00DFE786 /* ParkingGateway.swift */; };
		94D2155D288F285E00DFE786 /* ParkingNetworkEntity.swift in Sources */ = {isa = PBXBuildFile; fileRef = 94D21558288F285E00DFE786 /* ParkingNetworkEntity.swift */; };
		94D2155E288F285E00DFE786 /* ParkingNetworkRepository.swift in Sources */ = {isa = PBXBuildFile; fileRef = 94D21559288F285E00DFE786 /* ParkingNetworkRepository.swift */; };
		94D2155F288F285E00DFE786 /* ParkingRepository.swift in Sources */ = {isa = PBXBuildFile; fileRef = 94D2155A288F285E00DFE786 /* ParkingRepository.swift */; };
		94D21562288F293F00DFE786 /* BabyNet in Frameworks */ = {isa = PBXBuildFile; productRef = 94D21561288F293F00DFE786 /* BabyNet */; };
		C138E44B6E9EE273786589F4 /* Pods_Parking.framework in Frameworks */ = {isa = PBXBuildFile; fileRef = 08751A43103AB027A43EBF16 /* Pods_Parking.framework */; };
/* End PBXBuildFile section */

/* Begin PBXFileReference section */
		08751A43103AB027A43EBF16 /* Pods_Parking.framework */ = {isa = PBXFileReference; explicitFileType = wrapper.framework; includeInIndex = 0; path = Pods_Parking.framework; sourceTree = BUILT_PRODUCTS_DIR; };
		263836B6288C1EDB00EA4353 /* Parking.app */ = {isa = PBXFileReference; explicitFileType = wrapper.application; includeInIndex = 0; path = Parking.app; sourceTree = BUILT_PRODUCTS_DIR; };
		263836B9288C1EDB00EA4353 /* AppDelegate.swift */ = {isa = PBXFileReference; lastKnownFileType = sourcecode.swift; path = AppDelegate.swift; sourceTree = "<group>"; };
		263836BB288C1EDB00EA4353 /* SceneDelegate.swift */ = {isa = PBXFileReference; lastKnownFileType = sourcecode.swift; path = SceneDelegate.swift; sourceTree = "<group>"; };
		263836C2288C1EDD00EA4353 /* Assets.xcassets */ = {isa = PBXFileReference; lastKnownFileType = folder.assetcatalog; path = Assets.xcassets; sourceTree = "<group>"; };
		263836C5288C1EDD00EA4353 /* Base */ = {isa = PBXFileReference; lastKnownFileType = file.storyboard; name = Base; path = Base.lproj/LaunchScreen.storyboard; sourceTree = "<group>"; };
		263836C7288C1EDD00EA4353 /* Info.plist */ = {isa = PBXFileReference; lastKnownFileType = text.plist.xml; path = Info.plist; sourceTree = "<group>"; };
		267D55DF289286E2007AA452 /* MapButtonsView.swift */ = {isa = PBXFileReference; lastKnownFileType = sourcecode.swift; path = MapButtonsView.swift; sourceTree = "<group>"; };
		267D55E12892BB87007AA452 /* CashView.swift */ = {isa = PBXFileReference; lastKnownFileType = sourcecode.swift; path = CashView.swift; sourceTree = "<group>"; };
		2D33C7897C19DB274E75BBA0 /* Pods-Parking.release.xcconfig */ = {isa = PBXFileReference; includeInIndex = 1; lastKnownFileType = text.xcconfig; name = "Pods-Parking.release.xcconfig"; path = "Target Support Files/Pods-Parking/Pods-Parking.release.xcconfig"; sourceTree = "<group>"; };
		9408FF3C28900773002B1C12 /* MainMapViewController.swift */ = {isa = PBXFileReference; lastKnownFileType = sourcecode.swift; path = MainMapViewController.swift; sourceTree = "<group>"; };
		9408FF3E289007E1002B1C12 /* OrderSheetViewController.swift */ = {isa = PBXFileReference; lastKnownFileType = sourcecode.swift; path = OrderSheetViewController.swift; sourceTree = "<group>"; };
		9408FF4228900855002B1C12 /* OrderSheetTransitionDelegate.swift */ = {isa = PBXFileReference; fileEncoding = 4; lastKnownFileType = sourcecode.swift; path = OrderSheetTransitionDelegate.swift; sourceTree = "<group>"; };
		9408FF4328900855002B1C12 /* OrderSheetPresentationViewController.swift */ = {isa = PBXFileReference; fileEncoding = 4; lastKnownFileType = sourcecode.swift; path = OrderSheetPresentationViewController.swift; sourceTree = "<group>"; };
		9408FF4428900855002B1C12 /* OrderSheetAnimator.swift */ = {isa = PBXFileReference; fileEncoding = 4; lastKnownFileType = sourcecode.swift; path = OrderSheetAnimator.swift; sourceTree = "<group>"; };
		9408FF49289032A9002B1C12 /* ScaleButton.swift */ = {isa = PBXFileReference; lastKnownFileType = sourcecode.swift; path = ScaleButton.swift; sourceTree = "<group>"; };
		9408FF4C28906ADF002B1C12 /* MainMapViewModel.swift */ = {isa = PBXFileReference; lastKnownFileType = sourcecode.swift; path = MainMapViewModel.swift; sourceTree = "<group>"; };
		9408FF4F28906B1A002B1C12 /* MainMapConfigurator.swift */ = {isa = PBXFileReference; lastKnownFileType = sourcecode.swift; path = MainMapConfigurator.swift; sourceTree = "<group>"; };
		9408FF5228906B33002B1C12 /* MainMapRouter.swift */ = {isa = PBXFileReference; lastKnownFileType = sourcecode.swift; path = MainMapRouter.swift; sourceTree = "<group>"; };
		9408FF58289070D4002B1C12 /* SceneConfiguratorProtocol.swift */ = {isa = PBXFileReference; lastKnownFileType = sourcecode.swift; path = SceneConfiguratorProtocol.swift; sourceTree = "<group>"; };
		94D21550288F285E00DFE786 /* Parking.swift */ = {isa = PBXFileReference; fileEncoding = 4; lastKnownFileType = sourcecode.swift; path = Parking.swift; sourceTree = "<group>"; };
		94D21552288F285E00DFE786 /* ParkingGateway.swift */ = {isa = PBXFileReference; fileEncoding = 4; lastKnownFileType = sourcecode.swift; path = ParkingGateway.swift; sourceTree = "<group>"; };
		94D21558288F285E00DFE786 /* ParkingNetworkEntity.swift */ = {isa = PBXFileReference; fileEncoding = 4; lastKnownFileType = sourcecode.swift; path = ParkingNetworkEntity.swift; sourceTree = "<group>"; };
		94D21559288F285E00DFE786 /* ParkingNetworkRepository.swift */ = {isa = PBXFileReference; fileEncoding = 4; lastKnownFileType = sourcecode.swift; path = ParkingNetworkRepository.swift; sourceTree = "<group>"; };
		94D2155A288F285E00DFE786 /* ParkingRepository.swift */ = {isa = PBXFileReference; fileEncoding = 4; lastKnownFileType = sourcecode.swift; path = ParkingRepository.swift; sourceTree = "<group>"; };
		A5B1A308C243B8098EC99AE2 /* Pods-Parking.debug.xcconfig */ = {isa = PBXFileReference; includeInIndex = 1; lastKnownFileType = text.xcconfig; name = "Pods-Parking.debug.xcconfig"; path = "Target Support Files/Pods-Parking/Pods-Parking.debug.xcconfig"; sourceTree = "<group>"; };
/* End PBXFileReference section */

/* Begin PBXFrameworksBuildPhase section */
		263836B3288C1EDB00EA4353 /* Frameworks */ = {
			isa = PBXFrameworksBuildPhase;
			buildActionMask = 2147483647;
			files = (
				9408FF5728906C89002B1C12 /* MommysEye in Frameworks */,
				94D21562288F293F00DFE786 /* BabyNet in Frameworks */,
				C138E44B6E9EE273786589F4 /* Pods_Parking.framework in Frameworks */,
			);
			runOnlyForDeploymentPostprocessing = 0;
		};
/* End PBXFrameworksBuildPhase section */

/* Begin PBXGroup section */
		0E6DE7E6314E1890555D5490 /* Frameworks */ = {
			isa = PBXGroup;
			children = (
				08751A43103AB027A43EBF16 /* Pods_Parking.framework */,
			);
			name = Frameworks;
			sourceTree = "<group>";
		};
		263836AD288C1EDB00EA4353 = {
			isa = PBXGroup;
			children = (
				263836B8288C1EDB00EA4353 /* Parking */,
				263836B7288C1EDB00EA4353 /* Products */,
				0E6DE7E6314E1890555D5490 /* Frameworks */,
				70132BFEC5A13D73BE9433FB /* Pods */,
			);
			sourceTree = "<group>";
		};
		263836B7288C1EDB00EA4353 /* Products */ = {
			isa = PBXGroup;
			children = (
				263836B6288C1EDB00EA4353 /* Parking.app */,
			);
			name = Products;
			sourceTree = "<group>";
		};
		263836B8288C1EDB00EA4353 /* Parking */ = {
			isa = PBXGroup;
			children = (
				263836B9288C1EDB00EA4353 /* AppDelegate.swift */,
				263836BB288C1EDB00EA4353 /* SceneDelegate.swift */,
				94D2154D288F285E00DFE786 /* Domain */,
				94D21553288F285E00DFE786 /* Data */,
				9468EEF72891488B0098DD98 /* Presentation */,
				263836C2288C1EDD00EA4353 /* Assets.xcassets */,
				263836C4288C1EDD00EA4353 /* LaunchScreen.storyboard */,
				263836C7288C1EDD00EA4353 /* Info.plist */,
			);
			path = Parking;
			sourceTree = "<group>";
		};
		267D55DD2892868F007AA452 /* MapButtonsLayer */ = {
			isa = PBXGroup;
			children = (
				267D55DE289286A9007AA452 /* View */,
			);
			path = MapButtonsLayer;
			sourceTree = "<group>";
		};
		267D55DE289286A9007AA452 /* View */ = {
			isa = PBXGroup;
			children = (
				267D55DF289286E2007AA452 /* MapButtonsView.swift */,
				267D55E12892BB87007AA452 /* CashView.swift */,
			);
			path = View;
			sourceTree = "<group>";
		};
		70132BFEC5A13D73BE9433FB /* Pods */ = {
			isa = PBXGroup;
			children = (
				A5B1A308C243B8098EC99AE2 /* Pods-Parking.debug.xcconfig */,
				2D33C7897C19DB274E75BBA0 /* Pods-Parking.release.xcconfig */,
			);
			path = Pods;
			sourceTree = "<group>";
		};
		9408FF39289006FB002B1C12 /* Scenes */ = {
			isa = PBXGroup;
			children = (
				9408FF3A28900717002B1C12 /* MainMap */,
				267D55DD2892868F007AA452 /* MapButtonsLayer */,
				9408FF40289007F9002B1C12 /* OrderSheet */,
				9408FF4B289032BB002B1C12 /* Infrastructure */,
			);
			path = Scenes;
			sourceTree = "<group>";
		};
		9408FF3A28900717002B1C12 /* MainMap */ = {
			isa = PBXGroup;
			children = (
				9408FF5128906B1D002B1C12 /* Configurator */,
				9408FF3B2890072C002B1C12 /* View */,
				9408FF4E28906AE3002B1C12 /* ViewModel */,
				9408FF5428906B36002B1C12 /* MainMapRouter */,
			);
			path = MainMap;
			sourceTree = "<group>";
		};
		9408FF3B2890072C002B1C12 /* View */ = {
			isa = PBXGroup;
			children = (
				9408FF3C28900773002B1C12 /* MainMapViewController.swift */,
			);
			path = View;
			sourceTree = "<group>";
		};
		9408FF40289007F9002B1C12 /* OrderSheet */ = {
			isa = PBXGroup;
			children = (
				9408FF4128900804002B1C12 /* View */,
			);
			path = OrderSheet;
			sourceTree = "<group>";
		};
		9408FF4128900804002B1C12 /* View */ = {
			isa = PBXGroup;
			children = (
				9408FF3E289007E1002B1C12 /* OrderSheetViewController.swift */,
				9408FF482890085B002B1C12 /* TransitionDelegate */,
			);
			path = View;
			sourceTree = "<group>";
		};
		9408FF482890085B002B1C12 /* TransitionDelegate */ = {
			isa = PBXGroup;
			children = (
				9408FF4428900855002B1C12 /* OrderSheetAnimator.swift */,
				9408FF4328900855002B1C12 /* OrderSheetPresentationViewController.swift */,
				9408FF4228900855002B1C12 /* OrderSheetTransitionDelegate.swift */,
			);
			path = TransitionDelegate;
			sourceTree = "<group>";
		};
		9408FF4B289032BB002B1C12 /* Infrastructure */ = {
			isa = PBXGroup;
			children = (
				9408FF49289032A9002B1C12 /* ScaleButton.swift */,
				9408FF58289070D4002B1C12 /* SceneConfiguratorProtocol.swift */,
			);
			path = Infrastructure;
			sourceTree = "<group>";
		};
		9408FF4E28906AE3002B1C12 /* ViewModel */ = {
			isa = PBXGroup;
			children = (
				9408FF4C28906ADF002B1C12 /* MainMapViewModel.swift */,
			);
			path = ViewModel;
			sourceTree = "<group>";
		};
		9408FF5128906B1D002B1C12 /* Configurator */ = {
			isa = PBXGroup;
			children = (
				9408FF4F28906B1A002B1C12 /* MainMapConfigurator.swift */,
			);
			path = Configurator;
			sourceTree = "<group>";
		};
		9408FF5428906B36002B1C12 /* MainMapRouter */ = {
			isa = PBXGroup;
			children = (
				9408FF5228906B33002B1C12 /* MainMapRouter.swift */,
			);
			path = MainMapRouter;
			sourceTree = "<group>";
		};
		9468EEF72891488B0098DD98 /* Presentation */ = {
			isa = PBXGroup;
			children = (
				9408FF39289006FB002B1C12 /* Scenes */,
			);
			path = Presentation;
			sourceTree = "<group>";
		};
		94D2154D288F285E00DFE786 /* Domain */ = {
			isa = PBXGroup;
			children = (
				94D2154E288F285E00DFE786 /* Entities */,
			);
			path = Domain;
			sourceTree = "<group>";
		};
		94D2154E288F285E00DFE786 /* Entities */ = {
			isa = PBXGroup;
			children = (
				94D2154F288F285E00DFE786 /* Parking */,
			);
			path = Entities;
			sourceTree = "<group>";
		};
		94D2154F288F285E00DFE786 /* Parking */ = {
			isa = PBXGroup;
			children = (
				94D21550288F285E00DFE786 /* Parking.swift */,
				94D21551288F285E00DFE786 /* Gateway */,
			);
			path = Parking;
			sourceTree = "<group>";
		};
		94D21551288F285E00DFE786 /* Gateway */ = {
			isa = PBXGroup;
			children = (
				94D21552288F285E00DFE786 /* ParkingGateway.swift */,
			);
			path = Gateway;
			sourceTree = "<group>";
		};
		94D21553288F285E00DFE786 /* Data */ = {
			isa = PBXGroup;
			children = (
				94D21554288F285E00DFE786 /* Gateways */,
			);
			path = Data;
			sourceTree = "<group>";
		};
		94D21554288F285E00DFE786 /* Gateways */ = {
			isa = PBXGroup;
			children = (
				94D21555288F285E00DFE786 /* Parking */,
			);
			path = Gateways;
			sourceTree = "<group>";
		};
		94D21555288F285E00DFE786 /* Parking */ = {
			isa = PBXGroup;
			children = (
				94D2155A288F285E00DFE786 /* ParkingRepository.swift */,
				94D21556288F285E00DFE786 /* Network */,
			);
			path = Parking;
			sourceTree = "<group>";
		};
		94D21556288F285E00DFE786 /* Network */ = {
			isa = PBXGroup;
			children = (
				94D21559288F285E00DFE786 /* ParkingNetworkRepository.swift */,
				94D21557288F285E00DFE786 /* Entity */,
			);
			path = Network;
			sourceTree = "<group>";
		};
		94D21557288F285E00DFE786 /* Entity */ = {
			isa = PBXGroup;
			children = (
				94D21558288F285E00DFE786 /* ParkingNetworkEntity.swift */,
			);
			path = Entity;
			sourceTree = "<group>";
		};
/* End PBXGroup section */

/* Begin PBXNativeTarget section */
		263836B5288C1EDB00EA4353 /* Parking */ = {
			isa = PBXNativeTarget;
			buildConfigurationList = 263836CA288C1EDD00EA4353 /* Build configuration list for PBXNativeTarget "Parking" */;
			buildPhases = (
				84C35617DACD00B76AC9F2FA /* [CP] Check Pods Manifest.lock */,
				263836B2288C1EDB00EA4353 /* Sources */,
				263836B3288C1EDB00EA4353 /* Frameworks */,
				263836B4288C1EDB00EA4353 /* Resources */,
				5A9BF4EF6A9F78B4CCDC93E9 /* [CP] Copy Pods Resources */,
			);
			buildRules = (
			);
			dependencies = (
			);
			name = Parking;
			packageProductDependencies = (
				94D21561288F293F00DFE786 /* BabyNet */,
				9408FF5628906C89002B1C12 /* MommysEye */,
			);
			productName = Parking;
			productReference = 263836B6288C1EDB00EA4353 /* Parking.app */;
			productType = "com.apple.product-type.application";
		};
/* End PBXNativeTarget section */

/* Begin PBXProject section */
		263836AE288C1EDB00EA4353 /* Project object */ = {
			isa = PBXProject;
			attributes = {
				BuildIndependentTargetsInParallel = 1;
				LastSwiftUpdateCheck = 1330;
				LastUpgradeCheck = 1330;
				TargetAttributes = {
					263836B5288C1EDB00EA4353 = {
						CreatedOnToolsVersion = 13.3.1;
					};
				};
			};
			buildConfigurationList = 263836B1288C1EDB00EA4353 /* Build configuration list for PBXProject "Parking" */;
			compatibilityVersion = "Xcode 13.0";
			developmentRegion = en;
			hasScannedForEncodings = 0;
			knownRegions = (
				en,
				Base,
			);
			mainGroup = 263836AD288C1EDB00EA4353;
			packageReferences = (
				94D21560288F293F00DFE786 /* XCRemoteSwiftPackageReference "BabyNet" */,
				9408FF5528906C89002B1C12 /* XCRemoteSwiftPackageReference "MommysEye" */,
			);
			productRefGroup = 263836B7288C1EDB00EA4353 /* Products */;
			projectDirPath = "";
			projectRoot = "";
			targets = (
				263836B5288C1EDB00EA4353 /* Parking */,
			);
		};
/* End PBXProject section */

/* Begin PBXResourcesBuildPhase section */
		263836B4288C1EDB00EA4353 /* Resources */ = {
			isa = PBXResourcesBuildPhase;
			buildActionMask = 2147483647;
			files = (
				263836C6288C1EDD00EA4353 /* LaunchScreen.storyboard in Resources */,
				263836C3288C1EDD00EA4353 /* Assets.xcassets in Resources */,
			);
			runOnlyForDeploymentPostprocessing = 0;
		};
/* End PBXResourcesBuildPhase section */

/* Begin PBXShellScriptBuildPhase section */
		5A9BF4EF6A9F78B4CCDC93E9 /* [CP] Copy Pods Resources */ = {
			isa = PBXShellScriptBuildPhase;
			buildActionMask = 2147483647;
			files = (
			);
			inputFileListPaths = (
				"${PODS_ROOT}/Target Support Files/Pods-Parking/Pods-Parking-resources-${CONFIGURATION}-input-files.xcfilelist",
			);
			name = "[CP] Copy Pods Resources";
			outputFileListPaths = (
				"${PODS_ROOT}/Target Support Files/Pods-Parking/Pods-Parking-resources-${CONFIGURATION}-output-files.xcfilelist",
			);
			runOnlyForDeploymentPostprocessing = 0;
			shellPath = /bin/sh;
			shellScript = "\"${PODS_ROOT}/Target Support Files/Pods-Parking/Pods-Parking-resources.sh\"\n";
			showEnvVarsInLog = 0;
		};
		84C35617DACD00B76AC9F2FA /* [CP] Check Pods Manifest.lock */ = {
			isa = PBXShellScriptBuildPhase;
			buildActionMask = 2147483647;
			files = (
			);
			inputFileListPaths = (
			);
			inputPaths = (
				"${PODS_PODFILE_DIR_PATH}/Podfile.lock",
				"${PODS_ROOT}/Manifest.lock",
			);
			name = "[CP] Check Pods Manifest.lock";
			outputFileListPaths = (
			);
			outputPaths = (
				"$(DERIVED_FILE_DIR)/Pods-Parking-checkManifestLockResult.txt",
			);
			runOnlyForDeploymentPostprocessing = 0;
			shellPath = /bin/sh;
			shellScript = "diff \"${PODS_PODFILE_DIR_PATH}/Podfile.lock\" \"${PODS_ROOT}/Manifest.lock\" > /dev/null\nif [ $? != 0 ] ; then\n    # print error to STDERR\n    echo \"error: The sandbox is not in sync with the Podfile.lock. Run 'pod install' or update your CocoaPods installation.\" >&2\n    exit 1\nfi\n# This output is used by Xcode 'outputs' to avoid re-running this script phase.\necho \"SUCCESS\" > \"${SCRIPT_OUTPUT_FILE_0}\"\n";
			showEnvVarsInLog = 0;
		};
/* End PBXShellScriptBuildPhase section */

/* Begin PBXSourcesBuildPhase section */
		263836B2288C1EDB00EA4353 /* Sources */ = {
			isa = PBXSourcesBuildPhase;
			buildActionMask = 2147483647;
			files = (
				94D2155B288F285E00DFE786 /* Parking.swift in Sources */,
				9408FF4528900855002B1C12 /* OrderSheetTransitionDelegate.swift in Sources */,
				9408FF4628900855002B1C12 /* OrderSheetPresentationViewController.swift in Sources */,
				263836BA288C1EDB00EA4353 /* AppDelegate.swift in Sources */,
				94D2155E288F285E00DFE786 /* ParkingNetworkRepository.swift in Sources */,
				9408FF4A289032A9002B1C12 /* ScaleButton.swift in Sources */,
				9408FF5328906B33002B1C12 /* MainMapRouter.swift in Sources */,
				263836BC288C1EDB00EA4353 /* SceneDelegate.swift in Sources */,
				94D2155D288F285E00DFE786 /* ParkingNetworkEntity.swift in Sources */,
				9408FF3D28900773002B1C12 /* MainMapViewController.swift in Sources */,
				9408FF5028906B1A002B1C12 /* MainMapConfigurator.swift in Sources */,
				9408FF3F289007E1002B1C12 /* OrderSheetViewController.swift in Sources */,
				9408FF4728900855002B1C12 /* OrderSheetAnimator.swift in Sources */,
				94D2155F288F285E00DFE786 /* ParkingRepository.swift in Sources */,
				267D55E22892BB87007AA452 /* CashView.swift in Sources */,
				9408FF59289070D4002B1C12 /* SceneConfiguratorProtocol.swift in Sources */,
				267D55E0289286E2007AA452 /* MapButtonsView.swift in Sources */,
				94D2155C288F285E00DFE786 /* ParkingGateway.swift in Sources */,
				9408FF4D28906ADF002B1C12 /* MainMapViewModel.swift in Sources */,
			);
			runOnlyForDeploymentPostprocessing = 0;
		};
/* End PBXSourcesBuildPhase section */

/* Begin PBXVariantGroup section */
		263836C4288C1EDD00EA4353 /* LaunchScreen.storyboard */ = {
			isa = PBXVariantGroup;
			children = (
				263836C5288C1EDD00EA4353 /* Base */,
			);
			name = LaunchScreen.storyboard;
			sourceTree = "<group>";
		};
/* End PBXVariantGroup section */

/* Begin XCBuildConfiguration section */
		263836C8288C1EDD00EA4353 /* Debug */ = {
			isa = XCBuildConfiguration;
			buildSettings = {
				ALWAYS_SEARCH_USER_PATHS = NO;
				CLANG_ANALYZER_NONNULL = YES;
				CLANG_ANALYZER_NUMBER_OBJECT_CONVERSION = YES_AGGRESSIVE;
				CLANG_CXX_LANGUAGE_STANDARD = "gnu++17";
				CLANG_ENABLE_MODULES = YES;
				CLANG_ENABLE_OBJC_ARC = YES;
				CLANG_ENABLE_OBJC_WEAK = YES;
				CLANG_WARN_BLOCK_CAPTURE_AUTORELEASING = YES;
				CLANG_WARN_BOOL_CONVERSION = YES;
				CLANG_WARN_COMMA = YES;
				CLANG_WARN_CONSTANT_CONVERSION = YES;
				CLANG_WARN_DEPRECATED_OBJC_IMPLEMENTATIONS = YES;
				CLANG_WARN_DIRECT_OBJC_ISA_USAGE = YES_ERROR;
				CLANG_WARN_DOCUMENTATION_COMMENTS = YES;
				CLANG_WARN_EMPTY_BODY = YES;
				CLANG_WARN_ENUM_CONVERSION = YES;
				CLANG_WARN_INFINITE_RECURSION = YES;
				CLANG_WARN_INT_CONVERSION = YES;
				CLANG_WARN_NON_LITERAL_NULL_CONVERSION = YES;
				CLANG_WARN_OBJC_IMPLICIT_RETAIN_SELF = YES;
				CLANG_WARN_OBJC_LITERAL_CONVERSION = YES;
				CLANG_WARN_OBJC_ROOT_CLASS = YES_ERROR;
				CLANG_WARN_QUOTED_INCLUDE_IN_FRAMEWORK_HEADER = YES;
				CLANG_WARN_RANGE_LOOP_ANALYSIS = YES;
				CLANG_WARN_STRICT_PROTOTYPES = YES;
				CLANG_WARN_SUSPICIOUS_MOVE = YES;
				CLANG_WARN_UNGUARDED_AVAILABILITY = YES_AGGRESSIVE;
				CLANG_WARN_UNREACHABLE_CODE = YES;
				CLANG_WARN__DUPLICATE_METHOD_MATCH = YES;
				COPY_PHASE_STRIP = NO;
				DEBUG_INFORMATION_FORMAT = dwarf;
				ENABLE_STRICT_OBJC_MSGSEND = YES;
				ENABLE_TESTABILITY = YES;
				GCC_C_LANGUAGE_STANDARD = gnu11;
				GCC_DYNAMIC_NO_PIC = NO;
				GCC_NO_COMMON_BLOCKS = YES;
				GCC_OPTIMIZATION_LEVEL = 0;
				GCC_PREPROCESSOR_DEFINITIONS = (
					"DEBUG=1",
					"$(inherited)",
				);
				GCC_WARN_64_TO_32_BIT_CONVERSION = YES;
				GCC_WARN_ABOUT_RETURN_TYPE = YES_ERROR;
				GCC_WARN_UNDECLARED_SELECTOR = YES;
				GCC_WARN_UNINITIALIZED_AUTOS = YES_AGGRESSIVE;
				GCC_WARN_UNUSED_FUNCTION = YES;
				GCC_WARN_UNUSED_VARIABLE = YES;
				IPHONEOS_DEPLOYMENT_TARGET = 15.0;
				MTL_ENABLE_DEBUG_INFO = INCLUDE_SOURCE;
				MTL_FAST_MATH = YES;
				ONLY_ACTIVE_ARCH = YES;
				SDKROOT = iphoneos;
				SWIFT_ACTIVE_COMPILATION_CONDITIONS = DEBUG;
				SWIFT_OPTIMIZATION_LEVEL = "-Onone";
			};
			name = Debug;
		};
		263836C9288C1EDD00EA4353 /* Release */ = {
			isa = XCBuildConfiguration;
			buildSettings = {
				ALWAYS_SEARCH_USER_PATHS = NO;
				CLANG_ANALYZER_NONNULL = YES;
				CLANG_ANALYZER_NUMBER_OBJECT_CONVERSION = YES_AGGRESSIVE;
				CLANG_CXX_LANGUAGE_STANDARD = "gnu++17";
				CLANG_ENABLE_MODULES = YES;
				CLANG_ENABLE_OBJC_ARC = YES;
				CLANG_ENABLE_OBJC_WEAK = YES;
				CLANG_WARN_BLOCK_CAPTURE_AUTORELEASING = YES;
				CLANG_WARN_BOOL_CONVERSION = YES;
				CLANG_WARN_COMMA = YES;
				CLANG_WARN_CONSTANT_CONVERSION = YES;
				CLANG_WARN_DEPRECATED_OBJC_IMPLEMENTATIONS = YES;
				CLANG_WARN_DIRECT_OBJC_ISA_USAGE = YES_ERROR;
				CLANG_WARN_DOCUMENTATION_COMMENTS = YES;
				CLANG_WARN_EMPTY_BODY = YES;
				CLANG_WARN_ENUM_CONVERSION = YES;
				CLANG_WARN_INFINITE_RECURSION = YES;
				CLANG_WARN_INT_CONVERSION = YES;
				CLANG_WARN_NON_LITERAL_NULL_CONVERSION = YES;
				CLANG_WARN_OBJC_IMPLICIT_RETAIN_SELF = YES;
				CLANG_WARN_OBJC_LITERAL_CONVERSION = YES;
				CLANG_WARN_OBJC_ROOT_CLASS = YES_ERROR;
				CLANG_WARN_QUOTED_INCLUDE_IN_FRAMEWORK_HEADER = YES;
				CLANG_WARN_RANGE_LOOP_ANALYSIS = YES;
				CLANG_WARN_STRICT_PROTOTYPES = YES;
				CLANG_WARN_SUSPICIOUS_MOVE = YES;
				CLANG_WARN_UNGUARDED_AVAILABILITY = YES_AGGRESSIVE;
				CLANG_WARN_UNREACHABLE_CODE = YES;
				CLANG_WARN__DUPLICATE_METHOD_MATCH = YES;
				COPY_PHASE_STRIP = NO;
				DEBUG_INFORMATION_FORMAT = "dwarf-with-dsym";
				ENABLE_NS_ASSERTIONS = NO;
				ENABLE_STRICT_OBJC_MSGSEND = YES;
				GCC_C_LANGUAGE_STANDARD = gnu11;
				GCC_NO_COMMON_BLOCKS = YES;
				GCC_WARN_64_TO_32_BIT_CONVERSION = YES;
				GCC_WARN_ABOUT_RETURN_TYPE = YES_ERROR;
				GCC_WARN_UNDECLARED_SELECTOR = YES;
				GCC_WARN_UNINITIALIZED_AUTOS = YES_AGGRESSIVE;
				GCC_WARN_UNUSED_FUNCTION = YES;
				GCC_WARN_UNUSED_VARIABLE = YES;
				IPHONEOS_DEPLOYMENT_TARGET = 15.0;
				MTL_ENABLE_DEBUG_INFO = NO;
				MTL_FAST_MATH = YES;
				SDKROOT = iphoneos;
				SWIFT_COMPILATION_MODE = wholemodule;
				SWIFT_OPTIMIZATION_LEVEL = "-O";
				VALIDATE_PRODUCT = YES;
			};
			name = Release;
		};
		263836CB288C1EDD00EA4353 /* Debug */ = {
			isa = XCBuildConfiguration;
			baseConfigurationReference = A5B1A308C243B8098EC99AE2 /* Pods-Parking.debug.xcconfig */;
			buildSettings = {
				ASSETCATALOG_COMPILER_APPICON_NAME = AppIcon;
				ASSETCATALOG_COMPILER_GLOBAL_ACCENT_COLOR_NAME = AccentColor;
				CODE_SIGN_STYLE = Automatic;
				CURRENT_PROJECT_VERSION = 1;
				DEVELOPMENT_TEAM = 7LV5WFLC5J;
				GENERATE_INFOPLIST_FILE = YES;
				INFOPLIST_FILE = Parking/Info.plist;
				INFOPLIST_KEY_NSLocationWhenInUseUsageDescription = "This app displays parkings on map";
				INFOPLIST_KEY_UIApplicationSupportsIndirectInputEvents = YES;
				INFOPLIST_KEY_UILaunchStoryboardName = LaunchScreen;
				INFOPLIST_KEY_UIMainStoryboardFile = "";
				INFOPLIST_KEY_UISupportedInterfaceOrientations_iPad = "UIInterfaceOrientationPortrait UIInterfaceOrientationPortraitUpsideDown UIInterfaceOrientationLandscapeLeft UIInterfaceOrientationLandscapeRight";
				INFOPLIST_KEY_UISupportedInterfaceOrientations_iPhone = "UIInterfaceOrientationPortrait UIInterfaceOrientationLandscapeLeft UIInterfaceOrientationLandscapeRight";
				LD_RUNPATH_SEARCH_PATHS = (
					"$(inherited)",
					"@executable_path/Frameworks",
				);
				MARKETING_VERSION = 1.0;
				PRODUCT_BUNDLE_IDENTIFIER = com.ios.prosyanoy.Parking;
				PRODUCT_NAME = "$(TARGET_NAME)";
				SWIFT_EMIT_LOC_STRINGS = YES;
				SWIFT_VERSION = 5.0;
				TARGETED_DEVICE_FAMILY = "1,2";
			};
			name = Debug;
		};
		263836CC288C1EDD00EA4353 /* Release */ = {
			isa = XCBuildConfiguration;
			baseConfigurationReference = 2D33C7897C19DB274E75BBA0 /* Pods-Parking.release.xcconfig */;
			buildSettings = {
				ASSETCATALOG_COMPILER_APPICON_NAME = AppIcon;
				ASSETCATALOG_COMPILER_GLOBAL_ACCENT_COLOR_NAME = AccentColor;
				CODE_SIGN_STYLE = Automatic;
				CURRENT_PROJECT_VERSION = 1;
				DEVELOPMENT_TEAM = 7LV5WFLC5J;
				GENERATE_INFOPLIST_FILE = YES;
				INFOPLIST_FILE = Parking/Info.plist;
				INFOPLIST_KEY_NSLocationWhenInUseUsageDescription = "This app displays parkings on map";
				INFOPLIST_KEY_UIApplicationSupportsIndirectInputEvents = YES;
				INFOPLIST_KEY_UILaunchStoryboardName = LaunchScreen;
				INFOPLIST_KEY_UIMainStoryboardFile = "";
				INFOPLIST_KEY_UISupportedInterfaceOrientations_iPad = "UIInterfaceOrientationPortrait UIInterfaceOrientationPortraitUpsideDown UIInterfaceOrientationLandscapeLeft UIInterfaceOrientationLandscapeRight";
				INFOPLIST_KEY_UISupportedInterfaceOrientations_iPhone = "UIInterfaceOrientationPortrait UIInterfaceOrientationLandscapeLeft UIInterfaceOrientationLandscapeRight";
				LD_RUNPATH_SEARCH_PATHS = (
					"$(inherited)",
					"@executable_path/Frameworks",
				);
				MARKETING_VERSION = 1.0;
				PRODUCT_BUNDLE_IDENTIFIER = com.ios.prosyanoy.Parking;
				PRODUCT_NAME = "$(TARGET_NAME)";
				SWIFT_EMIT_LOC_STRINGS = YES;
				SWIFT_VERSION = 5.0;
				TARGETED_DEVICE_FAMILY = "1,2";
			};
			name = Release;
		};
/* End XCBuildConfiguration section */

/* Begin XCConfigurationList section */
		263836B1288C1EDB00EA4353 /* Build configuration list for PBXProject "Parking" */ = {
			isa = XCConfigurationList;
			buildConfigurations = (
				263836C8288C1EDD00EA4353 /* Debug */,
				263836C9288C1EDD00EA4353 /* Release */,
			);
			defaultConfigurationIsVisible = 0;
			defaultConfigurationName = Release;
		};
		263836CA288C1EDD00EA4353 /* Build configuration list for PBXNativeTarget "Parking" */ = {
			isa = XCConfigurationList;
			buildConfigurations = (
				263836CB288C1EDD00EA4353 /* Debug */,
				263836CC288C1EDD00EA4353 /* Release */,
			);
			defaultConfigurationIsVisible = 0;
			defaultConfigurationName = Release;
		};
/* End XCConfigurationList section */

/* Begin XCRemoteSwiftPackageReference section */
		9408FF5528906C89002B1C12 /* XCRemoteSwiftPackageReference "MommysEye" */ = {
			isa = XCRemoteSwiftPackageReference;
			repositoryURL = "https://github.com/4440449/MommysEye";
			requirement = {
				branch = master;
				kind = branch;
			};
		};
		94D21560288F293F00DFE786 /* XCRemoteSwiftPackageReference "BabyNet" */ = {
			isa = XCRemoteSwiftPackageReference;
			repositoryURL = "https://github.com/4440449/BabyNet";
			requirement = {
				branch = master;
				kind = branch;
			};
		};
/* End XCRemoteSwiftPackageReference section */

/* Begin XCSwiftPackageProductDependency section */
		9408FF5628906C89002B1C12 /* MommysEye */ = {
			isa = XCSwiftPackageProductDependency;
			package = 9408FF5528906C89002B1C12 /* XCRemoteSwiftPackageReference "MommysEye" */;
			productName = MommysEye;
		};
		94D21561288F293F00DFE786 /* BabyNet */ = {
			isa = XCSwiftPackageProductDependency;
			package = 94D21560288F293F00DFE786 /* XCRemoteSwiftPackageReference "BabyNet" */;
			productName = BabyNet;
		};
/* End XCSwiftPackageProductDependency section */
	};
	rootObject = 263836AE288C1EDB00EA4353 /* Project object */;
}
