// !$*UTF8*$!
{
	archiveVersion = 1;
	classes = {
	};
	objectVersion = 55;
	objects = {

/* Begin PBXBuildFile section */
		263836BA288C1EDB00EA4353 /* AppDelegate.swift in Sources */ = {isa = PBXBuildFile; fileRef = 263836B9288C1EDB00EA4353 /* AppDelegate.swift */; };
		263836BC288C1EDB00EA4353 /* SceneDelegate.swift in Sources */ = {isa = PBXBuildFile; fileRef = 263836BB288C1EDB00EA4353 /* SceneDelegate.swift */; };
		263836C3288C1EDD00EA4353 /* Assets.xcassets in Resources */ = {isa = PBXBuildFile; fileRef = 263836C2288C1EDD00EA4353 /* Assets.xcassets */; };
		263836C6288C1EDD00EA4353 /* LaunchScreen.storyboard in Resources */ = {isa = PBXBuildFile; fileRef = 263836C4288C1EDD00EA4353 /* LaunchScreen.storyboard */; };
		2643D906289B0CD6005D8E37 /* MapButtonsView.swift in Sources */ = {isa = PBXBuildFile; fileRef = 2643D904289B0CD6005D8E37 /* MapButtonsView.swift */; };
		2643D907289B0CD6005D8E37 /* CashView.swift in Sources */ = {isa = PBXBuildFile; fileRef = 2643D905289B0CD6005D8E37 /* CashView.swift */; };
		2668D8FD2893E2F00034BDA0 /* Keys.plist in Resources */ = {isa = PBXBuildFile; fileRef = 2668D8FC2893E2F00034BDA0 /* Keys.plist */; };
		26DB52FF289EEEF900CF0611 /* MenuHeaderView.swift in Sources */ = {isa = PBXBuildFile; fileRef = 26DB52FE289EEEF800CF0611 /* MenuHeaderView.swift */; };
		26DB5301289EF1F200CF0611 /* MenuHeader.swift in Sources */ = {isa = PBXBuildFile; fileRef = 26DB5300289EF1F200CF0611 /* MenuHeader.swift */; };
		26DB5304289EFB5F00CF0611 /* MenuConfigurator.swift in Sources */ = {isa = PBXBuildFile; fileRef = 26DB5303289EFB5E00CF0611 /* MenuConfigurator.swift */; };
		26DB5306289FFFA600CF0611 /* MenuNavigationController.swift in Sources */ = {isa = PBXBuildFile; fileRef = 26DB5305289FFFA600CF0611 /* MenuNavigationController.swift */; };
		26EC270C2898040E00B84D2A /* MenuTableView.swift in Sources */ = {isa = PBXBuildFile; fileRef = 26EC270B2898040E00B84D2A /* MenuTableView.swift */; };
		26EC270E2898050100B84D2A /* MenuCellView.swift in Sources */ = {isa = PBXBuildFile; fileRef = 26EC270D2898050100B84D2A /* MenuCellView.swift */; };
		26EC27102898077D00B84D2A /* MenuCell.swift in Sources */ = {isa = PBXBuildFile; fileRef = 26EC270F2898077D00B84D2A /* MenuCell.swift */; };
		26EC27142898099C00B84D2A /* MenuViewModel.swift in Sources */ = {isa = PBXBuildFile; fileRef = 26EC27132898099C00B84D2A /* MenuViewModel.swift */; };
		26EC2716289809B300B84D2A /* MenuRouter.swift in Sources */ = {isa = PBXBuildFile; fileRef = 26EC2715289809B300B84D2A /* MenuRouter.swift */; };
		26EC271828980F4700B84D2A /* MenuViewController.swift in Sources */ = {isa = PBXBuildFile; fileRef = 26EC271728980F4700B84D2A /* MenuViewController.swift */; };
		9408FF3D28900773002B1C12 /* MainMapViewController.swift in Sources */ = {isa = PBXBuildFile; fileRef = 9408FF3C28900773002B1C12 /* MainMapViewController.swift */; };
		9408FF3F289007E1002B1C12 /* OrderSheetViewController.swift in Sources */ = {isa = PBXBuildFile; fileRef = 9408FF3E289007E1002B1C12 /* OrderSheetViewController.swift */; };
		9408FF4528900855002B1C12 /* OrderSheetTransitionDelegate.swift in Sources */ = {isa = PBXBuildFile; fileRef = 9408FF4228900855002B1C12 /* OrderSheetTransitionDelegate.swift */; };
		9408FF4628900855002B1C12 /* OrderSheetPresentationViewController.swift in Sources */ = {isa = PBXBuildFile; fileRef = 9408FF4328900855002B1C12 /* OrderSheetPresentationViewController.swift */; };
		9408FF4A289032A9002B1C12 /* ScaleButton.swift in Sources */ = {isa = PBXBuildFile; fileRef = 9408FF49289032A9002B1C12 /* ScaleButton.swift */; };
		9408FF4D28906ADF002B1C12 /* MainMapViewModel.swift in Sources */ = {isa = PBXBuildFile; fileRef = 9408FF4C28906ADF002B1C12 /* MainMapViewModel.swift */; };
		9408FF5028906B1A002B1C12 /* MainMapConfigurator.swift in Sources */ = {isa = PBXBuildFile; fileRef = 9408FF4F28906B1A002B1C12 /* MainMapConfigurator.swift */; };
		9408FF5328906B33002B1C12 /* MainMapRouter.swift in Sources */ = {isa = PBXBuildFile; fileRef = 9408FF5228906B33002B1C12 /* MainMapRouter.swift */; };
		9408FF5728906C89002B1C12 /* MommysEye in Frameworks */ = {isa = PBXBuildFile; productRef = 9408FF5628906C89002B1C12 /* MommysEye */; };
		9408FF59289070D4002B1C12 /* SceneConfiguratorProtocol.swift in Sources */ = {isa = PBXBuildFile; fileRef = 9408FF58289070D4002B1C12 /* SceneConfiguratorProtocol.swift */; };
		9496460528AF86CE0095FB6E /* ParkingSearchBottomSheet.swift in Sources */ = {isa = PBXBuildFile; fileRef = 9496460428AF86CE0095FB6E /* ParkingSearchBottomSheet.swift */; };
		9496460928AF89390095FB6E /* ParkingSearchTableViewCell.swift in Sources */ = {isa = PBXBuildFile; fileRef = 9496460828AF89390095FB6E /* ParkingSearchTableViewCell.swift */; };
		9496460C28AF8AEF0095FB6E /* ParkingSearchBottomSheetTransitionDelegate.swift in Sources */ = {isa = PBXBuildFile; fileRef = 9496460B28AF8AEF0095FB6E /* ParkingSearchBottomSheetTransitionDelegate.swift */; };
		9496460F28AF8B440095FB6E /* ParkingSearchBottomSheetPresentationViewController.swift in Sources */ = {isa = PBXBuildFile; fileRef = 9496460E28AF8B440095FB6E /* ParkingSearchBottomSheetPresentationViewController.swift */; };
		9496461128AF8B9C0095FB6E /* ParkingSearchBottomSheetSceneConfigurator.swift in Sources */ = {isa = PBXBuildFile; fileRef = 9496461028AF8B9C0095FB6E /* ParkingSearchBottomSheetSceneConfigurator.swift */; };
		9496461428AF9DE80095FB6E /* ParkingSearchBottomSheetViewModel.swift in Sources */ = {isa = PBXBuildFile; fileRef = 9496461328AF9DE80095FB6E /* ParkingSearchBottomSheetViewModel.swift */; };
		9496461628AF9E290095FB6E /* ParkingSearchBottomSheetRouter.swift in Sources */ = {isa = PBXBuildFile; fileRef = 9496461528AF9E290095FB6E /* ParkingSearchBottomSheetRouter.swift */; };
		94A7F45028ABE87A001FD271 /* PaymentViewController.swift in Sources */ = {isa = PBXBuildFile; fileRef = 94A7F44F28ABE87A001FD271 /* PaymentViewController.swift */; };
		94A7F45428ABE913001FD271 /* PaymentSceneConfigurator.swift in Sources */ = {isa = PBXBuildFile; fileRef = 94A7F45328ABE913001FD271 /* PaymentSceneConfigurator.swift */; };
		94A7F45728ACD13A001FD271 /* PaymentMethodView.swift in Sources */ = {isa = PBXBuildFile; fileRef = 94A7F45628ACD13A001FD271 /* PaymentMethodView.swift */; };
		94A7F45A28ACFCA4001FD271 /* SearchViewController.swift in Sources */ = {isa = PBXBuildFile; fileRef = 94A7F45928ACFCA4001FD271 /* SearchViewController.swift */; };
		94A7F45E28ACFE0E001FD271 /* SearchTableViewCell.swift in Sources */ = {isa = PBXBuildFile; fileRef = 94A7F45D28ACFE0E001FD271 /* SearchTableViewCell.swift */; };
		94A7F46128AD09D4001FD271 /* SearchSceneConfigurator.swift in Sources */ = {isa = PBXBuildFile; fileRef = 94A7F46028AD09D4001FD271 /* SearchSceneConfigurator.swift */; };
		94A7F46428AD1E4E001FD271 /* SearchViewModel.swift in Sources */ = {isa = PBXBuildFile; fileRef = 94A7F46328AD1E4E001FD271 /* SearchViewModel.swift */; };
		94D2155B288F285E00DFE786 /* Parking.swift in Sources */ = {isa = PBXBuildFile; fileRef = 94D21550288F285E00DFE786 /* Parking.swift */; };
		94D2155C288F285E00DFE786 /* ParkingGateway.swift in Sources */ = {isa = PBXBuildFile; fileRef = 94D21552288F285E00DFE786 /* ParkingGateway.swift */; };
		94D2155D288F285E00DFE786 /* ParkingNetworkEntity.swift in Sources */ = {isa = PBXBuildFile; fileRef = 94D21558288F285E00DFE786 /* ParkingNetworkEntity.swift */; };
		94D2155E288F285E00DFE786 /* ParkingNetworkRepository.swift in Sources */ = {isa = PBXBuildFile; fileRef = 94D21559288F285E00DFE786 /* ParkingNetworkRepository.swift */; };
		94D2155F288F285E00DFE786 /* ParkingRepository.swift in Sources */ = {isa = PBXBuildFile; fileRef = 94D2155A288F285E00DFE786 /* ParkingRepository.swift */; };
		94D21562288F293F00DFE786 /* BabyNet in Frameworks */ = {isa = PBXBuildFile; productRef = 94D21561288F293F00DFE786 /* BabyNet */; };
		94D5770D28995E6400C7F7D3 /* MainMapYMKDrawer.swift in Sources */ = {isa = PBXBuildFile; fileRef = 94D5770C28995E6400C7F7D3 /* MainMapYMKDrawer.swift */; };
		94D5771128995F0000C7F7D3 /* TextDrawer.swift in Sources */ = {isa = PBXBuildFile; fileRef = 94D5770E28995F0000C7F7D3 /* TextDrawer.swift */; };
		94D5771228995F0000C7F7D3 /* SelectionState.swift in Sources */ = {isa = PBXBuildFile; fileRef = 94D5770F28995F0000C7F7D3 /* SelectionState.swift */; };
		94D5771328995F0000C7F7D3 /* ImageScaler.swift in Sources */ = {isa = PBXBuildFile; fileRef = 94D5771028995F0000C7F7D3 /* ImageScaler.swift */; };
		94D5775028A27B2100C7F7D3 /* ResizingTableView.swift in Sources */ = {isa = PBXBuildFile; fileRef = 94D5774F28A27B2100C7F7D3 /* ResizingTableView.swift */; };
		94D5775228A27C0D00C7F7D3 /* UsersAutoTableViewCell.swift in Sources */ = {isa = PBXBuildFile; fileRef = 94D5775128A27C0D00C7F7D3 /* UsersAutoTableViewCell.swift */; };
		94D5775828A2800A00C7F7D3 /* ParkingTableViewCell.swift in Sources */ = {isa = PBXBuildFile; fileRef = 94D5775728A2800A00C7F7D3 /* ParkingTableViewCell.swift */; };
		94D5775A28A2802E00C7F7D3 /* TimeTableViewCell.swift in Sources */ = {isa = PBXBuildFile; fileRef = 94D5775928A2802E00C7F7D3 /* TimeTableViewCell.swift */; };
		94D5775C28A2D9E000C7F7D3 /* LabelContentSizedButton.swift in Sources */ = {isa = PBXBuildFile; fileRef = 94D5775B28A2D9E000C7F7D3 /* LabelContentSizedButton.swift */; };
		94F86A0C28A52FC600857209 /* TouchForwardView.swift in Sources */ = {isa = PBXBuildFile; fileRef = 94F86A0B28A52FC600857209 /* TouchForwardView.swift */; };
		A43F4FEA28AD4B5A006D6AFC /* SettingsViewModel.swift in Sources */ = {isa = PBXBuildFile; fileRef = A43F4FE928AD4B5A006D6AFC /* SettingsViewModel.swift */; };
		A43F4FED28AD4BF2006D6AFC /* SettingsCell.swift in Sources */ = {isa = PBXBuildFile; fileRef = A43F4FEC28AD4BF2006D6AFC /* SettingsCell.swift */; };
		A43F4FEF28AD4C22006D6AFC /* SettingsHeader.swift in Sources */ = {isa = PBXBuildFile; fileRef = A43F4FEE28AD4C22006D6AFC /* SettingsHeader.swift */; };
		A43F4FF128AD4E2C006D6AFC /* SettingsTableView.swift in Sources */ = {isa = PBXBuildFile; fileRef = A43F4FF028AD4E2C006D6AFC /* SettingsTableView.swift */; };
		A43F4FF328AD4EE5006D6AFC /* SettingsHeaderView.swift in Sources */ = {isa = PBXBuildFile; fileRef = A43F4FF228AD4EE5006D6AFC /* SettingsHeaderView.swift */; };
		A43F4FF728AD51E4006D6AFC /* SettingsConfigurator.swift in Sources */ = {isa = PBXBuildFile; fileRef = A43F4FF628AD51E4006D6AFC /* SettingsConfigurator.swift */; };
		A44EB32628BCE3BF00321021 /* CarsViewController.swift in Sources */ = {isa = PBXBuildFile; fileRef = A44EB32528BCE3BF00321021 /* CarsViewController.swift */; };
		A482DB0428AEF7A300BB95FC /* AboutViewModel.swift in Sources */ = {isa = PBXBuildFile; fileRef = A482DB0328AEF7A300BB95FC /* AboutViewModel.swift */; };
		A482DB0628AEF7B300BB95FC /* AboutConfigurator.swift in Sources */ = {isa = PBXBuildFile; fileRef = A482DB0528AEF7B300BB95FC /* AboutConfigurator.swift */; };
		A48BA71E28ABD391001EC8D4 /* ProfileViewController.swift in Sources */ = {isa = PBXBuildFile; fileRef = A48BA71D28ABD391001EC8D4 /* ProfileViewController.swift */; };
		A48BA72128ABDA56001EC8D4 /* SettingsViewController.swift in Sources */ = {isa = PBXBuildFile; fileRef = A48BA72028ABDA56001EC8D4 /* SettingsViewController.swift */; };
		A48BA72528ABDA8E001EC8D4 /* NewsViewController.swift in Sources */ = {isa = PBXBuildFile; fileRef = A48BA72428ABDA8E001EC8D4 /* NewsViewController.swift */; };
		A48BA72728ABDA98001EC8D4 /* HistoryViewController.swift in Sources */ = {isa = PBXBuildFile; fileRef = A48BA72628ABDA98001EC8D4 /* HistoryViewController.swift */; };
		A48BA72B28ABDB01001EC8D4 /* AnalyticsViewController.swift in Sources */ = {isa = PBXBuildFile; fileRef = A48BA72A28ABDB01001EC8D4 /* AnalyticsViewController.swift */; };
		A48BA73128ABDB65001EC8D4 /* FeedbackViewController.swift in Sources */ = {isa = PBXBuildFile; fileRef = A48BA73028ABDB65001EC8D4 /* FeedbackViewController.swift */; };
		A48BA73328ABDB79001EC8D4 /* AboutViewController.swift in Sources */ = {isa = PBXBuildFile; fileRef = A48BA73228ABDB79001EC8D4 /* AboutViewController.swift */; };
		A48BA73628ABF1E7001EC8D4 /* SettingsCellView.swift in Sources */ = {isa = PBXBuildFile; fileRef = A48BA73528ABF1E7001EC8D4 /* SettingsCellView.swift */; };
		A4DF48C128BFAD8000A97EEC /* ChangeCityViewController.swift in Sources */ = {isa = PBXBuildFile; fileRef = A482DAF628AEB1FA00BB95FC /* ChangeCityViewController.swift */; };
		A4DF9AA428B43895009D6D66 /* NotificationsViewController.swift in Sources */ = {isa = PBXBuildFile; fileRef = A4DF9AA328B43895009D6D66 /* NotificationsViewController.swift */; };
		A4DF9AA528B4397E009D6D66 /* CardsViewController.swift in Sources */ = {isa = PBXBuildFile; fileRef = A48BA72C28ABDB19001EC8D4 /* CardsViewController.swift */; };
		A4DF9AA628B43987009D6D66 /* FinesAndEvacuationsViewController.swift in Sources */ = {isa = PBXBuildFile; fileRef = A48BA72E28ABDB51001EC8D4 /* FinesAndEvacuationsViewController.swift */; };
		A4EACC2228B77F3700E759D3 /* CodeEnterViewController.swift in Sources */ = {isa = PBXBuildFile; fileRef = A4EACC2128B77F3700E759D3 /* CodeEnterViewController.swift */; };
		A4EACC2428B91F7500E759D3 /* CodeEnterViewModel.swift in Sources */ = {isa = PBXBuildFile; fileRef = A4EACC2328B91F7500E759D3 /* CodeEnterViewModel.swift */; };
		A4EACC2628B91F8300E759D3 /* CodeEnterConfigurator.swift in Sources */ = {isa = PBXBuildFile; fileRef = A4EACC2528B91F8300E759D3 /* CodeEnterConfigurator.swift */; };
		A4EACC2C28B9215600E759D3 /* PhoneNumberConfirmationViewController.swift in Sources */ = {isa = PBXBuildFile; fileRef = A4EACC2A28B91F9A00E759D3 /* PhoneNumberConfirmationViewController.swift */; };
		A4EACC2D28B9215800E759D3 /* PhoneNumberConfirmationViewModel.swift in Sources */ = {isa = PBXBuildFile; fileRef = A4EACC2B28B91F9A00E759D3 /* PhoneNumberConfirmationViewModel.swift */; };
		A4EACC2E28B9215C00E759D3 /* PhoneNumberConfirmationConfigurator.swift in Sources */ = {isa = PBXBuildFile; fileRef = A4EACC2928B91F9A00E759D3 /* PhoneNumberConfirmationConfigurator.swift */; };
		C138E44B6E9EE273786589F4 /* Pods_Parking.framework in Frameworks */ = {isa = PBXBuildFile; fileRef = 08751A43103AB027A43EBF16 /* Pods_Parking.framework */; };
		E2C5836228C4EE1300C07011 /* Overpass-ExtraLightItalic.ttf in Resources */ = {isa = PBXBuildFile; fileRef = E2C5835028C4EE1200C07011 /* Overpass-ExtraLightItalic.ttf */; };
		E2C5836328C4EE1300C07011 /* Overpass-ExtraLight.ttf in Resources */ = {isa = PBXBuildFile; fileRef = E2C5835128C4EE1200C07011 /* Overpass-ExtraLight.ttf */; };
		E2C5836428C4EE1300C07011 /* Overpass-Regular.ttf in Resources */ = {isa = PBXBuildFile; fileRef = E2C5835228C4EE1200C07011 /* Overpass-Regular.ttf */; };
		E2C5836528C4EE1300C07011 /* Overpass-SemiBold.ttf in Resources */ = {isa = PBXBuildFile; fileRef = E2C5835328C4EE1200C07011 /* Overpass-SemiBold.ttf */; };
		E2C5836628C4EE1300C07011 /* Overpass-Thin.ttf in Resources */ = {isa = PBXBuildFile; fileRef = E2C5835428C4EE1200C07011 /* Overpass-Thin.ttf */; };
		E2C5836728C4EE1300C07011 /* Overpass-Black.ttf in Resources */ = {isa = PBXBuildFile; fileRef = E2C5835528C4EE1200C07011 /* Overpass-Black.ttf */; };
		E2C5836828C4EE1300C07011 /* Overpass-ThinItalic.ttf in Resources */ = {isa = PBXBuildFile; fileRef = E2C5835628C4EE1200C07011 /* Overpass-ThinItalic.ttf */; };
		E2C5836928C4EE1300C07011 /* Overpass-SemiBoldItalic.ttf in Resources */ = {isa = PBXBuildFile; fileRef = E2C5835728C4EE1200C07011 /* Overpass-SemiBoldItalic.ttf */; };
		E2C5836A28C4EE1300C07011 /* Overpass-ExtraBold.ttf in Resources */ = {isa = PBXBuildFile; fileRef = E2C5835828C4EE1200C07011 /* Overpass-ExtraBold.ttf */; };
		E2C5836B28C4EE1300C07011 /* Overpass-Italic.ttf in Resources */ = {isa = PBXBuildFile; fileRef = E2C5835928C4EE1200C07011 /* Overpass-Italic.ttf */; };
		E2C5836C28C4EE1300C07011 /* Overpass-Bold.ttf in Resources */ = {isa = PBXBuildFile; fileRef = E2C5835A28C4EE1200C07011 /* Overpass-Bold.ttf */; };
		E2C5836D28C4EE1300C07011 /* Overpass-MediumItalic.ttf in Resources */ = {isa = PBXBuildFile; fileRef = E2C5835B28C4EE1200C07011 /* Overpass-MediumItalic.ttf */; };
		E2C5836E28C4EE1300C07011 /* Overpass-Light.ttf in Resources */ = {isa = PBXBuildFile; fileRef = E2C5835C28C4EE1200C07011 /* Overpass-Light.ttf */; };
		E2C5836F28C4EE1300C07011 /* Overpass-LightItalic.ttf in Resources */ = {isa = PBXBuildFile; fileRef = E2C5835D28C4EE1200C07011 /* Overpass-LightItalic.ttf */; };
		E2C5837028C4EE1300C07011 /* Overpass-BoldItalic.ttf in Resources */ = {isa = PBXBuildFile; fileRef = E2C5835E28C4EE1200C07011 /* Overpass-BoldItalic.ttf */; };
		E2C5837128C4EE1300C07011 /* Overpass-BlackItalic.ttf in Resources */ = {isa = PBXBuildFile; fileRef = E2C5835F28C4EE1200C07011 /* Overpass-BlackItalic.ttf */; };
		E2C5837228C4EE1300C07011 /* Overpass-Medium.ttf in Resources */ = {isa = PBXBuildFile; fileRef = E2C5836028C4EE1200C07011 /* Overpass-Medium.ttf */; };
		E2C5837328C4EE1300C07011 /* Overpass-ExtraBoldItalic.ttf in Resources */ = {isa = PBXBuildFile; fileRef = E2C5836128C4EE1200C07011 /* Overpass-ExtraBoldItalic.ttf */; };
		E2C5837728C4F06200C07011 /* UIFont+Extensions.swift in Sources */ = {isa = PBXBuildFile; fileRef = E2C5837628C4F06200C07011 /* UIFont+Extensions.swift */; };
		E2C5838428C4FD4F00C07011 /* InfoPlist.strings in Resources */ = {isa = PBXBuildFile; fileRef = E2C5838228C4FD4F00C07011 /* InfoPlist.strings */; };
/* End PBXBuildFile section */

/* Begin PBXFileReference section */
		08751A43103AB027A43EBF16 /* Pods_Parking.framework */ = {isa = PBXFileReference; explicitFileType = wrapper.framework; includeInIndex = 0; path = Pods_Parking.framework; sourceTree = BUILT_PRODUCTS_DIR; };
		263836B6288C1EDB00EA4353 /* Parking.app */ = {isa = PBXFileReference; explicitFileType = wrapper.application; includeInIndex = 0; path = Parking.app; sourceTree = BUILT_PRODUCTS_DIR; };
		263836B9288C1EDB00EA4353 /* AppDelegate.swift */ = {isa = PBXFileReference; lastKnownFileType = sourcecode.swift; path = AppDelegate.swift; sourceTree = "<group>"; };
		263836BB288C1EDB00EA4353 /* SceneDelegate.swift */ = {isa = PBXFileReference; lastKnownFileType = sourcecode.swift; path = SceneDelegate.swift; sourceTree = "<group>"; };
		263836C2288C1EDD00EA4353 /* Assets.xcassets */ = {isa = PBXFileReference; lastKnownFileType = folder.assetcatalog; path = Assets.xcassets; sourceTree = "<group>"; };
		263836C5288C1EDD00EA4353 /* Base */ = {isa = PBXFileReference; lastKnownFileType = file.storyboard; name = Base; path = Base.lproj/LaunchScreen.storyboard; sourceTree = "<group>"; };
		263836C7288C1EDD00EA4353 /* Info.plist */ = {isa = PBXFileReference; lastKnownFileType = text.plist.xml; path = Info.plist; sourceTree = "<group>"; };
		2643D904289B0CD6005D8E37 /* MapButtonsView.swift */ = {isa = PBXFileReference; fileEncoding = 4; lastKnownFileType = sourcecode.swift; path = MapButtonsView.swift; sourceTree = "<group>"; };
		2643D905289B0CD6005D8E37 /* CashView.swift */ = {isa = PBXFileReference; fileEncoding = 4; lastKnownFileType = sourcecode.swift; path = CashView.swift; sourceTree = "<group>"; };
		2668D8FC2893E2F00034BDA0 /* Keys.plist */ = {isa = PBXFileReference; lastKnownFileType = text.plist.xml; path = Keys.plist; sourceTree = "<group>"; };
		26DB52FE289EEEF800CF0611 /* MenuHeaderView.swift */ = {isa = PBXFileReference; lastKnownFileType = sourcecode.swift; path = MenuHeaderView.swift; sourceTree = "<group>"; };
		26DB5300289EF1F200CF0611 /* MenuHeader.swift */ = {isa = PBXFileReference; lastKnownFileType = sourcecode.swift; path = MenuHeader.swift; sourceTree = "<group>"; };
		26DB5303289EFB5E00CF0611 /* MenuConfigurator.swift */ = {isa = PBXFileReference; lastKnownFileType = sourcecode.swift; path = MenuConfigurator.swift; sourceTree = "<group>"; };
		26DB5305289FFFA600CF0611 /* MenuNavigationController.swift */ = {isa = PBXFileReference; lastKnownFileType = sourcecode.swift; path = MenuNavigationController.swift; sourceTree = "<group>"; };
		26EC270B2898040E00B84D2A /* MenuTableView.swift */ = {isa = PBXFileReference; lastKnownFileType = sourcecode.swift; path = MenuTableView.swift; sourceTree = "<group>"; };
		26EC270D2898050100B84D2A /* MenuCellView.swift */ = {isa = PBXFileReference; lastKnownFileType = sourcecode.swift; path = MenuCellView.swift; sourceTree = "<group>"; };
		26EC270F2898077D00B84D2A /* MenuCell.swift */ = {isa = PBXFileReference; lastKnownFileType = sourcecode.swift; path = MenuCell.swift; sourceTree = "<group>"; };
		26EC27132898099C00B84D2A /* MenuViewModel.swift */ = {isa = PBXFileReference; lastKnownFileType = sourcecode.swift; path = MenuViewModel.swift; sourceTree = "<group>"; };
		26EC2715289809B300B84D2A /* MenuRouter.swift */ = {isa = PBXFileReference; lastKnownFileType = sourcecode.swift; path = MenuRouter.swift; sourceTree = "<group>"; };
		26EC271728980F4700B84D2A /* MenuViewController.swift */ = {isa = PBXFileReference; lastKnownFileType = sourcecode.swift; path = MenuViewController.swift; sourceTree = "<group>"; };
		2D33C7897C19DB274E75BBA0 /* Pods-Parking.release.xcconfig */ = {isa = PBXFileReference; includeInIndex = 1; lastKnownFileType = text.xcconfig; name = "Pods-Parking.release.xcconfig"; path = "Target Support Files/Pods-Parking/Pods-Parking.release.xcconfig"; sourceTree = "<group>"; };
		9408FF3C28900773002B1C12 /* MainMapViewController.swift */ = {isa = PBXFileReference; lastKnownFileType = sourcecode.swift; path = MainMapViewController.swift; sourceTree = "<group>"; };
		9408FF3E289007E1002B1C12 /* OrderSheetViewController.swift */ = {isa = PBXFileReference; lastKnownFileType = sourcecode.swift; path = OrderSheetViewController.swift; sourceTree = "<group>"; };
		9408FF4228900855002B1C12 /* OrderSheetTransitionDelegate.swift */ = {isa = PBXFileReference; fileEncoding = 4; lastKnownFileType = sourcecode.swift; path = OrderSheetTransitionDelegate.swift; sourceTree = "<group>"; };
		9408FF4328900855002B1C12 /* OrderSheetPresentationViewController.swift */ = {isa = PBXFileReference; fileEncoding = 4; lastKnownFileType = sourcecode.swift; path = OrderSheetPresentationViewController.swift; sourceTree = "<group>"; };
		9408FF49289032A9002B1C12 /* ScaleButton.swift */ = {isa = PBXFileReference; lastKnownFileType = sourcecode.swift; path = ScaleButton.swift; sourceTree = "<group>"; };
		9408FF4C28906ADF002B1C12 /* MainMapViewModel.swift */ = {isa = PBXFileReference; lastKnownFileType = sourcecode.swift; path = MainMapViewModel.swift; sourceTree = "<group>"; };
		9408FF4F28906B1A002B1C12 /* MainMapConfigurator.swift */ = {isa = PBXFileReference; lastKnownFileType = sourcecode.swift; path = MainMapConfigurator.swift; sourceTree = "<group>"; };
		9408FF5228906B33002B1C12 /* MainMapRouter.swift */ = {isa = PBXFileReference; lastKnownFileType = sourcecode.swift; path = MainMapRouter.swift; sourceTree = "<group>"; };
		9408FF58289070D4002B1C12 /* SceneConfiguratorProtocol.swift */ = {isa = PBXFileReference; lastKnownFileType = sourcecode.swift; path = SceneConfiguratorProtocol.swift; sourceTree = "<group>"; };
		9496460428AF86CE0095FB6E /* ParkingSearchBottomSheet.swift */ = {isa = PBXFileReference; lastKnownFileType = sourcecode.swift; path = ParkingSearchBottomSheet.swift; sourceTree = "<group>"; };
		9496460828AF89390095FB6E /* ParkingSearchTableViewCell.swift */ = {isa = PBXFileReference; lastKnownFileType = sourcecode.swift; path = ParkingSearchTableViewCell.swift; sourceTree = "<group>"; };
		9496460B28AF8AEF0095FB6E /* ParkingSearchBottomSheetTransitionDelegate.swift */ = {isa = PBXFileReference; lastKnownFileType = sourcecode.swift; path = ParkingSearchBottomSheetTransitionDelegate.swift; sourceTree = "<group>"; };
		9496460E28AF8B440095FB6E /* ParkingSearchBottomSheetPresentationViewController.swift */ = {isa = PBXFileReference; lastKnownFileType = sourcecode.swift; path = ParkingSearchBottomSheetPresentationViewController.swift; sourceTree = "<group>"; };
		9496461028AF8B9C0095FB6E /* ParkingSearchBottomSheetSceneConfigurator.swift */ = {isa = PBXFileReference; lastKnownFileType = sourcecode.swift; path = ParkingSearchBottomSheetSceneConfigurator.swift; sourceTree = "<group>"; };
		9496461328AF9DE80095FB6E /* ParkingSearchBottomSheetViewModel.swift */ = {isa = PBXFileReference; lastKnownFileType = sourcecode.swift; path = ParkingSearchBottomSheetViewModel.swift; sourceTree = "<group>"; };
		9496461528AF9E290095FB6E /* ParkingSearchBottomSheetRouter.swift */ = {isa = PBXFileReference; lastKnownFileType = sourcecode.swift; path = ParkingSearchBottomSheetRouter.swift; sourceTree = "<group>"; };
		94A7F44F28ABE87A001FD271 /* PaymentViewController.swift */ = {isa = PBXFileReference; lastKnownFileType = sourcecode.swift; path = PaymentViewController.swift; sourceTree = "<group>"; };
		94A7F45328ABE913001FD271 /* PaymentSceneConfigurator.swift */ = {isa = PBXFileReference; lastKnownFileType = sourcecode.swift; path = PaymentSceneConfigurator.swift; sourceTree = "<group>"; };
		94A7F45628ACD13A001FD271 /* PaymentMethodView.swift */ = {isa = PBXFileReference; lastKnownFileType = sourcecode.swift; path = PaymentMethodView.swift; sourceTree = "<group>"; };
		94A7F45928ACFCA4001FD271 /* SearchViewController.swift */ = {isa = PBXFileReference; lastKnownFileType = sourcecode.swift; path = SearchViewController.swift; sourceTree = "<group>"; };
		94A7F45D28ACFE0E001FD271 /* SearchTableViewCell.swift */ = {isa = PBXFileReference; lastKnownFileType = sourcecode.swift; path = SearchTableViewCell.swift; sourceTree = "<group>"; };
		94A7F46028AD09D4001FD271 /* SearchSceneConfigurator.swift */ = {isa = PBXFileReference; lastKnownFileType = sourcecode.swift; path = SearchSceneConfigurator.swift; sourceTree = "<group>"; };
		94A7F46328AD1E4E001FD271 /* SearchViewModel.swift */ = {isa = PBXFileReference; lastKnownFileType = sourcecode.swift; path = SearchViewModel.swift; sourceTree = "<group>"; };
		94D21550288F285E00DFE786 /* Parking.swift */ = {isa = PBXFileReference; fileEncoding = 4; lastKnownFileType = sourcecode.swift; path = Parking.swift; sourceTree = "<group>"; };
		94D21552288F285E00DFE786 /* ParkingGateway.swift */ = {isa = PBXFileReference; fileEncoding = 4; lastKnownFileType = sourcecode.swift; path = ParkingGateway.swift; sourceTree = "<group>"; };
		94D21558288F285E00DFE786 /* ParkingNetworkEntity.swift */ = {isa = PBXFileReference; fileEncoding = 4; lastKnownFileType = sourcecode.swift; path = ParkingNetworkEntity.swift; sourceTree = "<group>"; };
		94D21559288F285E00DFE786 /* ParkingNetworkRepository.swift */ = {isa = PBXFileReference; fileEncoding = 4; lastKnownFileType = sourcecode.swift; path = ParkingNetworkRepository.swift; sourceTree = "<group>"; };
		94D2155A288F285E00DFE786 /* ParkingRepository.swift */ = {isa = PBXFileReference; fileEncoding = 4; lastKnownFileType = sourcecode.swift; path = ParkingRepository.swift; sourceTree = "<group>"; };
		94D5770C28995E6400C7F7D3 /* MainMapYMKDrawer.swift */ = {isa = PBXFileReference; fileEncoding = 4; lastKnownFileType = sourcecode.swift; path = MainMapYMKDrawer.swift; sourceTree = "<group>"; };
		94D5770E28995F0000C7F7D3 /* TextDrawer.swift */ = {isa = PBXFileReference; fileEncoding = 4; lastKnownFileType = sourcecode.swift; path = TextDrawer.swift; sourceTree = "<group>"; };
		94D5770F28995F0000C7F7D3 /* SelectionState.swift */ = {isa = PBXFileReference; fileEncoding = 4; lastKnownFileType = sourcecode.swift; path = SelectionState.swift; sourceTree = "<group>"; };
		94D5771028995F0000C7F7D3 /* ImageScaler.swift */ = {isa = PBXFileReference; fileEncoding = 4; lastKnownFileType = sourcecode.swift; path = ImageScaler.swift; sourceTree = "<group>"; };
		94D5774F28A27B2100C7F7D3 /* ResizingTableView.swift */ = {isa = PBXFileReference; lastKnownFileType = sourcecode.swift; path = ResizingTableView.swift; sourceTree = "<group>"; };
		94D5775128A27C0D00C7F7D3 /* UsersAutoTableViewCell.swift */ = {isa = PBXFileReference; lastKnownFileType = sourcecode.swift; path = UsersAutoTableViewCell.swift; sourceTree = "<group>"; };
		94D5775728A2800A00C7F7D3 /* ParkingTableViewCell.swift */ = {isa = PBXFileReference; lastKnownFileType = sourcecode.swift; path = ParkingTableViewCell.swift; sourceTree = "<group>"; };
		94D5775928A2802E00C7F7D3 /* TimeTableViewCell.swift */ = {isa = PBXFileReference; lastKnownFileType = sourcecode.swift; path = TimeTableViewCell.swift; sourceTree = "<group>"; };
		94D5775B28A2D9E000C7F7D3 /* LabelContentSizedButton.swift */ = {isa = PBXFileReference; lastKnownFileType = sourcecode.swift; path = LabelContentSizedButton.swift; sourceTree = "<group>"; };
		94F86A0B28A52FC600857209 /* TouchForwardView.swift */ = {isa = PBXFileReference; lastKnownFileType = sourcecode.swift; path = TouchForwardView.swift; sourceTree = "<group>"; };
		A43F4FE928AD4B5A006D6AFC /* SettingsViewModel.swift */ = {isa = PBXFileReference; lastKnownFileType = sourcecode.swift; path = SettingsViewModel.swift; sourceTree = "<group>"; };
		A43F4FEC28AD4BF2006D6AFC /* SettingsCell.swift */ = {isa = PBXFileReference; lastKnownFileType = sourcecode.swift; path = SettingsCell.swift; sourceTree = "<group>"; };
		A43F4FEE28AD4C22006D6AFC /* SettingsHeader.swift */ = {isa = PBXFileReference; lastKnownFileType = sourcecode.swift; path = SettingsHeader.swift; sourceTree = "<group>"; };
		A43F4FF028AD4E2C006D6AFC /* SettingsTableView.swift */ = {isa = PBXFileReference; lastKnownFileType = sourcecode.swift; path = SettingsTableView.swift; sourceTree = "<group>"; };
		A43F4FF228AD4EE5006D6AFC /* SettingsHeaderView.swift */ = {isa = PBXFileReference; lastKnownFileType = sourcecode.swift; path = SettingsHeaderView.swift; sourceTree = "<group>"; };
		A43F4FF628AD51E4006D6AFC /* SettingsConfigurator.swift */ = {isa = PBXFileReference; lastKnownFileType = sourcecode.swift; path = SettingsConfigurator.swift; sourceTree = "<group>"; };
		A44EB32528BCE3BF00321021 /* CarsViewController.swift */ = {isa = PBXFileReference; lastKnownFileType = sourcecode.swift; path = CarsViewController.swift; sourceTree = "<group>"; };
		A482DAF628AEB1FA00BB95FC /* ChangeCityViewController.swift */ = {isa = PBXFileReference; lastKnownFileType = sourcecode.swift; path = ChangeCityViewController.swift; sourceTree = "<group>"; };
		A482DB0328AEF7A300BB95FC /* AboutViewModel.swift */ = {isa = PBXFileReference; lastKnownFileType = sourcecode.swift; path = AboutViewModel.swift; sourceTree = "<group>"; };
		A482DB0528AEF7B300BB95FC /* AboutConfigurator.swift */ = {isa = PBXFileReference; lastKnownFileType = sourcecode.swift; path = AboutConfigurator.swift; sourceTree = "<group>"; };
		A48BA71D28ABD391001EC8D4 /* ProfileViewController.swift */ = {isa = PBXFileReference; lastKnownFileType = sourcecode.swift; path = ProfileViewController.swift; sourceTree = "<group>"; };
		A48BA72028ABDA56001EC8D4 /* SettingsViewController.swift */ = {isa = PBXFileReference; lastKnownFileType = sourcecode.swift; path = SettingsViewController.swift; sourceTree = "<group>"; };
		A48BA72228ABDA6C001EC8D4 /* NotificationsViewController.swift */ = {isa = PBXFileReference; lastKnownFileType = sourcecode.swift; path = NotificationsViewController.swift; sourceTree = "<group>"; };
		A48BA72428ABDA8E001EC8D4 /* NewsViewController.swift */ = {isa = PBXFileReference; lastKnownFileType = sourcecode.swift; path = NewsViewController.swift; sourceTree = "<group>"; };
		A48BA72628ABDA98001EC8D4 /* HistoryViewController.swift */ = {isa = PBXFileReference; lastKnownFileType = sourcecode.swift; path = HistoryViewController.swift; sourceTree = "<group>"; };
		A48BA72A28ABDB01001EC8D4 /* AnalyticsViewController.swift */ = {isa = PBXFileReference; lastKnownFileType = sourcecode.swift; path = AnalyticsViewController.swift; sourceTree = "<group>"; };
		A48BA72C28ABDB19001EC8D4 /* CardsViewController.swift */ = {isa = PBXFileReference; lastKnownFileType = sourcecode.swift; path = CardsViewController.swift; sourceTree = "<group>"; };
		A48BA72E28ABDB51001EC8D4 /* FinesAndEvacuationsViewController.swift */ = {isa = PBXFileReference; lastKnownFileType = sourcecode.swift; path = FinesAndEvacuationsViewController.swift; sourceTree = "<group>"; };
		A48BA73028ABDB65001EC8D4 /* FeedbackViewController.swift */ = {isa = PBXFileReference; lastKnownFileType = sourcecode.swift; path = FeedbackViewController.swift; sourceTree = "<group>"; };
		A48BA73228ABDB79001EC8D4 /* AboutViewController.swift */ = {isa = PBXFileReference; lastKnownFileType = sourcecode.swift; path = AboutViewController.swift; sourceTree = "<group>"; };
		A48BA73528ABF1E7001EC8D4 /* SettingsCellView.swift */ = {isa = PBXFileReference; lastKnownFileType = sourcecode.swift; path = SettingsCellView.swift; sourceTree = "<group>"; };
		A4DF9AA328B43895009D6D66 /* NotificationsViewController.swift */ = {isa = PBXFileReference; fileEncoding = 4; lastKnownFileType = sourcecode.swift; path = NotificationsViewController.swift; sourceTree = "<group>"; };
		A4EACC2128B77F3700E759D3 /* CodeEnterViewController.swift */ = {isa = PBXFileReference; lastKnownFileType = sourcecode.swift; path = CodeEnterViewController.swift; sourceTree = "<group>"; };
		A4EACC2328B91F7500E759D3 /* CodeEnterViewModel.swift */ = {isa = PBXFileReference; lastKnownFileType = sourcecode.swift; path = CodeEnterViewModel.swift; sourceTree = "<group>"; };
		A4EACC2528B91F8300E759D3 /* CodeEnterConfigurator.swift */ = {isa = PBXFileReference; lastKnownFileType = sourcecode.swift; path = CodeEnterConfigurator.swift; sourceTree = "<group>"; };
		A4EACC2928B91F9A00E759D3 /* PhoneNumberConfirmationConfigurator.swift */ = {isa = PBXFileReference; lastKnownFileType = sourcecode.swift; path = PhoneNumberConfirmationConfigurator.swift; sourceTree = "<group>"; };
		A4EACC2A28B91F9A00E759D3 /* PhoneNumberConfirmationViewController.swift */ = {isa = PBXFileReference; lastKnownFileType = sourcecode.swift; path = PhoneNumberConfirmationViewController.swift; sourceTree = "<group>"; };
		A4EACC2B28B91F9A00E759D3 /* PhoneNumberConfirmationViewModel.swift */ = {isa = PBXFileReference; lastKnownFileType = sourcecode.swift; path = PhoneNumberConfirmationViewModel.swift; sourceTree = "<group>"; };
		A5B1A308C243B8098EC99AE2 /* Pods-Parking.debug.xcconfig */ = {isa = PBXFileReference; includeInIndex = 1; lastKnownFileType = text.xcconfig; name = "Pods-Parking.debug.xcconfig"; path = "Target Support Files/Pods-Parking/Pods-Parking.debug.xcconfig"; sourceTree = "<group>"; };
		E2C5835028C4EE1200C07011 /* Overpass-ExtraLightItalic.ttf */ = {isa = PBXFileReference; lastKnownFileType = file; path = "Overpass-ExtraLightItalic.ttf"; sourceTree = "<group>"; };
		E2C5835128C4EE1200C07011 /* Overpass-ExtraLight.ttf */ = {isa = PBXFileReference; lastKnownFileType = file; path = "Overpass-ExtraLight.ttf"; sourceTree = "<group>"; };
		E2C5835228C4EE1200C07011 /* Overpass-Regular.ttf */ = {isa = PBXFileReference; lastKnownFileType = file; path = "Overpass-Regular.ttf"; sourceTree = "<group>"; };
		E2C5835328C4EE1200C07011 /* Overpass-SemiBold.ttf */ = {isa = PBXFileReference; lastKnownFileType = file; path = "Overpass-SemiBold.ttf"; sourceTree = "<group>"; };
		E2C5835428C4EE1200C07011 /* Overpass-Thin.ttf */ = {isa = PBXFileReference; lastKnownFileType = file; path = "Overpass-Thin.ttf"; sourceTree = "<group>"; };
		E2C5835528C4EE1200C07011 /* Overpass-Black.ttf */ = {isa = PBXFileReference; lastKnownFileType = file; path = "Overpass-Black.ttf"; sourceTree = "<group>"; };
		E2C5835628C4EE1200C07011 /* Overpass-ThinItalic.ttf */ = {isa = PBXFileReference; lastKnownFileType = file; path = "Overpass-ThinItalic.ttf"; sourceTree = "<group>"; };
		E2C5835728C4EE1200C07011 /* Overpass-SemiBoldItalic.ttf */ = {isa = PBXFileReference; lastKnownFileType = file; path = "Overpass-SemiBoldItalic.ttf"; sourceTree = "<group>"; };
		E2C5835828C4EE1200C07011 /* Overpass-ExtraBold.ttf */ = {isa = PBXFileReference; lastKnownFileType = file; path = "Overpass-ExtraBold.ttf"; sourceTree = "<group>"; };
		E2C5835928C4EE1200C07011 /* Overpass-Italic.ttf */ = {isa = PBXFileReference; lastKnownFileType = file; path = "Overpass-Italic.ttf"; sourceTree = "<group>"; };
		E2C5835A28C4EE1200C07011 /* Overpass-Bold.ttf */ = {isa = PBXFileReference; lastKnownFileType = file; path = "Overpass-Bold.ttf"; sourceTree = "<group>"; };
		E2C5835B28C4EE1200C07011 /* Overpass-MediumItalic.ttf */ = {isa = PBXFileReference; lastKnownFileType = file; path = "Overpass-MediumItalic.ttf"; sourceTree = "<group>"; };
		E2C5835C28C4EE1200C07011 /* Overpass-Light.ttf */ = {isa = PBXFileReference; lastKnownFileType = file; path = "Overpass-Light.ttf"; sourceTree = "<group>"; };
		E2C5835D28C4EE1200C07011 /* Overpass-LightItalic.ttf */ = {isa = PBXFileReference; lastKnownFileType = file; path = "Overpass-LightItalic.ttf"; sourceTree = "<group>"; };
		E2C5835E28C4EE1200C07011 /* Overpass-BoldItalic.ttf */ = {isa = PBXFileReference; lastKnownFileType = file; path = "Overpass-BoldItalic.ttf"; sourceTree = "<group>"; };
		E2C5835F28C4EE1200C07011 /* Overpass-BlackItalic.ttf */ = {isa = PBXFileReference; lastKnownFileType = file; path = "Overpass-BlackItalic.ttf"; sourceTree = "<group>"; };
		E2C5836028C4EE1200C07011 /* Overpass-Medium.ttf */ = {isa = PBXFileReference; lastKnownFileType = file; path = "Overpass-Medium.ttf"; sourceTree = "<group>"; };
		E2C5836128C4EE1200C07011 /* Overpass-ExtraBoldItalic.ttf */ = {isa = PBXFileReference; lastKnownFileType = file; path = "Overpass-ExtraBoldItalic.ttf"; sourceTree = "<group>"; };
		E2C5837628C4F06200C07011 /* UIFont+Extensions.swift */ = {isa = PBXFileReference; lastKnownFileType = sourcecode.swift; path = "UIFont+Extensions.swift"; sourceTree = "<group>"; };
		E2C5838328C4FD4F00C07011 /* Base */ = {isa = PBXFileReference; lastKnownFileType = text.plist.strings; name = Base; path = Parking/Base.lproj/InfoPlist.strings; sourceTree = "<group>"; };
		E2C5838528C4FD9F00C07011 /* en */ = {isa = PBXFileReference; lastKnownFileType = text.plist.strings; name = en; path = Parking/en.lproj/InfoPlist.strings; sourceTree = "<group>"; };
		E2C5838728C4FEB800C07011 /* ru */ = {isa = PBXFileReference; lastKnownFileType = text.plist.strings; name = ru; path = Parking/ru.lproj/InfoPlist.strings; sourceTree = "<group>"; };
/* End PBXFileReference section */

/* Begin PBXFrameworksBuildPhase section */
		263836B3288C1EDB00EA4353 /* Frameworks */ = {
			isa = PBXFrameworksBuildPhase;
			buildActionMask = 2147483647;
			files = (
				9408FF5728906C89002B1C12 /* MommysEye in Frameworks */,
				94D21562288F293F00DFE786 /* BabyNet in Frameworks */,
				C138E44B6E9EE273786589F4 /* Pods_Parking.framework in Frameworks */,
			);
			runOnlyForDeploymentPostprocessing = 0;
		};
/* End PBXFrameworksBuildPhase section */

/* Begin PBXGroup section */
		0E6DE7E6314E1890555D5490 /* Frameworks */ = {
			isa = PBXGroup;
			children = (
				08751A43103AB027A43EBF16 /* Pods_Parking.framework */,
			);
			name = Frameworks;
			sourceTree = "<group>";
		};
		263836AD288C1EDB00EA4353 = {
			isa = PBXGroup;
			children = (
				E2C5838228C4FD4F00C07011 /* InfoPlist.strings */,
				263836B8288C1EDB00EA4353 /* Parking */,
				263836B7288C1EDB00EA4353 /* Products */,
				0E6DE7E6314E1890555D5490 /* Frameworks */,
				70132BFEC5A13D73BE9433FB /* Pods */,
			);
			sourceTree = "<group>";
		};
		263836B7288C1EDB00EA4353 /* Products */ = {
			isa = PBXGroup;
			children = (
				263836B6288C1EDB00EA4353 /* Parking.app */,
			);
			name = Products;
			sourceTree = "<group>";
		};
		263836B8288C1EDB00EA4353 /* Parking */ = {
			isa = PBXGroup;
			children = (
				2668D8FE2893EAF70034BDA0 /* Support Files */,
				94D2154D288F285E00DFE786 /* Domain */,
				94D21553288F285E00DFE786 /* Data */,
				9468EEF72891488B0098DD98 /* Presentation */,
				263836C2288C1EDD00EA4353 /* Assets.xcassets */,
				263836C4288C1EDD00EA4353 /* LaunchScreen.storyboard */,
				2668D8FC2893E2F00034BDA0 /* Keys.plist */,
				263836C7288C1EDD00EA4353 /* Info.plist */,
				E2C5837428C4F03800C07011 /* Utils */,
			);
			path = Parking;
			sourceTree = "<group>";
		};
		2643D902289B0CD6005D8E37 /* MapButtonsLayer */ = {
			isa = PBXGroup;
			children = (
				2643D903289B0CD6005D8E37 /* View */,
			);
			path = MapButtonsLayer;
			sourceTree = "<group>";
		};
		2643D903289B0CD6005D8E37 /* View */ = {
			isa = PBXGroup;
			children = (
				2643D904289B0CD6005D8E37 /* MapButtonsView.swift */,
				94A7F44E28ABE7DB001FD271 /* CashView */,
			);
			path = View;
			sourceTree = "<group>";
		};
		2668D8FE2893EAF70034BDA0 /* Support Files */ = {
			isa = PBXGroup;
			children = (
				263836B9288C1EDB00EA4353 /* AppDelegate.swift */,
				263836BB288C1EDB00EA4353 /* SceneDelegate.swift */,
			);
			path = "Support Files";
			sourceTree = "<group>";
		};
		26DB5302289EFB4800CF0611 /* Configurator */ = {
			isa = PBXGroup;
			children = (
				26DB5303289EFB5E00CF0611 /* MenuConfigurator.swift */,
			);
			path = Configurator;
			sourceTree = "<group>";
		};
		26EC27082898038E00B84D2A /* Menu */ = {
			isa = PBXGroup;
			children = (
				26DB5302289EFB4800CF0611 /* Configurator */,
				26EC2709289803AC00B84D2A /* View */,
				26EC270A289803B200B84D2A /* ViewModel */,
				26EC27122898097A00B84D2A /* Router */,
				A48BA71F28ABDA40001EC8D4 /* ViewControllers */,
			);
			path = Menu;
			sourceTree = "<group>";
		};
		26EC2709289803AC00B84D2A /* View */ = {
			isa = PBXGroup;
			children = (
				26DB5305289FFFA600CF0611 /* MenuNavigationController.swift */,
				26EC271728980F4700B84D2A /* MenuViewController.swift */,
				26EC270B2898040E00B84D2A /* MenuTableView.swift */,
				26EC270D2898050100B84D2A /* MenuCellView.swift */,
				26DB52FE289EEEF800CF0611 /* MenuHeaderView.swift */,
			);
			path = View;
			sourceTree = "<group>";
		};
		26EC270A289803B200B84D2A /* ViewModel */ = {
			isa = PBXGroup;
			children = (
				26EC27132898099C00B84D2A /* MenuViewModel.swift */,
			);
			path = ViewModel;
			sourceTree = "<group>";
		};
		26EC27112898086000B84D2A /* Menu */ = {
			isa = PBXGroup;
			children = (
				A43F4FEB28AD4BDD006D6AFC /* Settings */,
				26EC270F2898077D00B84D2A /* MenuCell.swift */,
				26DB5300289EF1F200CF0611 /* MenuHeader.swift */,
			);
			path = Menu;
			sourceTree = "<group>";
		};
		26EC27122898097A00B84D2A /* Router */ = {
			isa = PBXGroup;
			children = (
				26EC2715289809B300B84D2A /* MenuRouter.swift */,
			);
			path = Router;
			sourceTree = "<group>";
		};
		70132BFEC5A13D73BE9433FB /* Pods */ = {
			isa = PBXGroup;
			children = (
				A5B1A308C243B8098EC99AE2 /* Pods-Parking.debug.xcconfig */,
				2D33C7897C19DB274E75BBA0 /* Pods-Parking.release.xcconfig */,
			);
			path = Pods;
			sourceTree = "<group>";
		};
		9408FF39289006FB002B1C12 /* Scenes */ = {
			isa = PBXGroup;
			children = (
				9408FF3A28900717002B1C12 /* MainMap */,
				26EC27082898038E00B84D2A /* Menu */,
				9408FF40289007F9002B1C12 /* OrderSheet */,
				A4EACC2828B91F9A00E759D3 /* PhoneConfirmation */,
				94A7F45128ABE881001FD271 /* Payment */,
				94A7F45B28ACFCA7001FD271 /* Search */,
				9496460628AF86DE0095FB6E /* ParkingSearchSheet */,
				9408FF4B289032BB002B1C12 /* Infrastructure */,
			);
			path = Scenes;
			sourceTree = "<group>";
		};
		9408FF3A28900717002B1C12 /* MainMap */ = {
			isa = PBXGroup;
			children = (
				9408FF5128906B1D002B1C12 /* Configurator */,
				9408FF3B2890072C002B1C12 /* View */,
				9408FF4E28906AE3002B1C12 /* ViewModel */,
				9408FF5428906B36002B1C12 /* Router */,
			);
			path = MainMap;
			sourceTree = "<group>";
		};
		9408FF3B2890072C002B1C12 /* View */ = {
			isa = PBXGroup;
			children = (
				9408FF3C28900773002B1C12 /* MainMapViewController.swift */,
				2643D902289B0CD6005D8E37 /* MapButtonsLayer */,
				94D5770B28995E6400C7F7D3 /* YMKDrawer */,
			);
			path = View;
			sourceTree = "<group>";
		};
		9408FF40289007F9002B1C12 /* OrderSheet */ = {
			isa = PBXGroup;
			children = (
				9408FF4128900804002B1C12 /* View */,
			);
			path = OrderSheet;
			sourceTree = "<group>";
		};
		9408FF4128900804002B1C12 /* View */ = {
			isa = PBXGroup;
			children = (
				9408FF3E289007E1002B1C12 /* OrderSheetViewController.swift */,
				94D5775328A27C1100C7F7D3 /* Cells */,
				9408FF482890085B002B1C12 /* TransitionDelegate */,
			);
			path = View;
			sourceTree = "<group>";
		};
		9408FF482890085B002B1C12 /* TransitionDelegate */ = {
			isa = PBXGroup;
			children = (
				9408FF4228900855002B1C12 /* OrderSheetTransitionDelegate.swift */,
				9408FF4328900855002B1C12 /* OrderSheetPresentationViewController.swift */,
			);
			path = TransitionDelegate;
			sourceTree = "<group>";
		};
		9408FF4B289032BB002B1C12 /* Infrastructure */ = {
			isa = PBXGroup;
			children = (
				9408FF49289032A9002B1C12 /* ScaleButton.swift */,
				9408FF58289070D4002B1C12 /* SceneConfiguratorProtocol.swift */,
				94D5771028995F0000C7F7D3 /* ImageScaler.swift */,
				94D5770F28995F0000C7F7D3 /* SelectionState.swift */,
				94D5770E28995F0000C7F7D3 /* TextDrawer.swift */,
				94D5774F28A27B2100C7F7D3 /* ResizingTableView.swift */,
				94D5775B28A2D9E000C7F7D3 /* LabelContentSizedButton.swift */,
				94F86A0B28A52FC600857209 /* TouchForwardView.swift */,
			);
			path = Infrastructure;
			sourceTree = "<group>";
		};
		9408FF4E28906AE3002B1C12 /* ViewModel */ = {
			isa = PBXGroup;
			children = (
				9408FF4C28906ADF002B1C12 /* MainMapViewModel.swift */,
			);
			path = ViewModel;
			sourceTree = "<group>";
		};
		9408FF5128906B1D002B1C12 /* Configurator */ = {
			isa = PBXGroup;
			children = (
				9408FF4F28906B1A002B1C12 /* MainMapConfigurator.swift */,
			);
			path = Configurator;
			sourceTree = "<group>";
		};
		9408FF5428906B36002B1C12 /* Router */ = {
			isa = PBXGroup;
			children = (
				9408FF5228906B33002B1C12 /* MainMapRouter.swift */,
			);
			path = Router;
			sourceTree = "<group>";
		};
		9468EEF72891488B0098DD98 /* Presentation */ = {
			isa = PBXGroup;
			children = (
				9408FF39289006FB002B1C12 /* Scenes */,
			);
			path = Presentation;
			sourceTree = "<group>";
		};
		9496460628AF86DE0095FB6E /* ParkingSearchSheet */ = {
			isa = PBXGroup;
			children = (
				9496461228AF8BA00095FB6E /* Configurator */,
				9496460728AF86ED0095FB6E /* View */,
				9496461728AF9F660095FB6E /* ViewModel */,
				9496461828AF9F6C0095FB6E /* Router */,
			);
			path = ParkingSearchSheet;
			sourceTree = "<group>";
		};
		9496460728AF86ED0095FB6E /* View */ = {
			isa = PBXGroup;
			children = (
				9496460428AF86CE0095FB6E /* ParkingSearchBottomSheet.swift */,
				9496460A28AF893D0095FB6E /* Cells */,
				9496460D28AF8AF20095FB6E /* TransitionDelegate */,
			);
			path = View;
			sourceTree = "<group>";
		};
		9496460A28AF893D0095FB6E /* Cells */ = {
			isa = PBXGroup;
			children = (
				9496460828AF89390095FB6E /* ParkingSearchTableViewCell.swift */,
			);
			path = Cells;
			sourceTree = "<group>";
		};
		9496460D28AF8AF20095FB6E /* TransitionDelegate */ = {
			isa = PBXGroup;
			children = (
				9496460B28AF8AEF0095FB6E /* ParkingSearchBottomSheetTransitionDelegate.swift */,
				9496460E28AF8B440095FB6E /* ParkingSearchBottomSheetPresentationViewController.swift */,
			);
			path = TransitionDelegate;
			sourceTree = "<group>";
		};
		9496461228AF8BA00095FB6E /* Configurator */ = {
			isa = PBXGroup;
			children = (
				9496461028AF8B9C0095FB6E /* ParkingSearchBottomSheetSceneConfigurator.swift */,
			);
			path = Configurator;
			sourceTree = "<group>";
		};
		9496461728AF9F660095FB6E /* ViewModel */ = {
			isa = PBXGroup;
			children = (
				9496461328AF9DE80095FB6E /* ParkingSearchBottomSheetViewModel.swift */,
			);
			path = ViewModel;
			sourceTree = "<group>";
		};
		9496461828AF9F6C0095FB6E /* Router */ = {
			isa = PBXGroup;
			children = (
				9496461528AF9E290095FB6E /* ParkingSearchBottomSheetRouter.swift */,
			);
			path = Router;
			sourceTree = "<group>";
		};
		94A7F44E28ABE7DB001FD271 /* CashView */ = {
			isa = PBXGroup;
			children = (
				2643D905289B0CD6005D8E37 /* CashView.swift */,
			);
			path = CashView;
			sourceTree = "<group>";
		};
		94A7F45128ABE881001FD271 /* Payment */ = {
			isa = PBXGroup;
			children = (
				94A7F45528ABE917001FD271 /* Configurator */,
				94A7F45228ABE896001FD271 /* View */,
			);
			path = Payment;
			sourceTree = "<group>";
		};
		94A7F45228ABE896001FD271 /* View */ = {
			isa = PBXGroup;
			children = (
				94A7F44F28ABE87A001FD271 /* PaymentViewController.swift */,
				94A7F45828ACD147001FD271 /* PaymentMethodView */,
			);
			path = View;
			sourceTree = "<group>";
		};
		94A7F45528ABE917001FD271 /* Configurator */ = {
			isa = PBXGroup;
			children = (
				94A7F45328ABE913001FD271 /* PaymentSceneConfigurator.swift */,
			);
			path = Configurator;
			sourceTree = "<group>";
		};
		94A7F45828ACD147001FD271 /* PaymentMethodView */ = {
			isa = PBXGroup;
			children = (
				94A7F45628ACD13A001FD271 /* PaymentMethodView.swift */,
			);
			path = PaymentMethodView;
			sourceTree = "<group>";
		};
		94A7F45B28ACFCA7001FD271 /* Search */ = {
			isa = PBXGroup;
			children = (
				94A7F46228AD0A8D001FD271 /* Configurator */,
				94A7F45C28ACFCAC001FD271 /* View */,
				94A7F46528AD1E51001FD271 /* ViewModel */,
			);
			path = Search;
			sourceTree = "<group>";
		};
		94A7F45C28ACFCAC001FD271 /* View */ = {
			isa = PBXGroup;
			children = (
				94A7F45928ACFCA4001FD271 /* SearchViewController.swift */,
				94A7F45F28ACFE13001FD271 /* Cell */,
			);
			path = View;
			sourceTree = "<group>";
		};
		94A7F45F28ACFE13001FD271 /* Cell */ = {
			isa = PBXGroup;
			children = (
				94A7F45D28ACFE0E001FD271 /* SearchTableViewCell.swift */,
			);
			path = Cell;
			sourceTree = "<group>";
		};
		94A7F46228AD0A8D001FD271 /* Configurator */ = {
			isa = PBXGroup;
			children = (
				94A7F46028AD09D4001FD271 /* SearchSceneConfigurator.swift */,
			);
			path = Configurator;
			sourceTree = "<group>";
		};
		94A7F46528AD1E51001FD271 /* ViewModel */ = {
			isa = PBXGroup;
			children = (
				94A7F46328AD1E4E001FD271 /* SearchViewModel.swift */,
			);
			path = ViewModel;
			sourceTree = "<group>";
		};
		94D2154D288F285E00DFE786 /* Domain */ = {
			isa = PBXGroup;
			children = (
				94D2154E288F285E00DFE786 /* Entities */,
			);
			path = Domain;
			sourceTree = "<group>";
		};
		94D2154E288F285E00DFE786 /* Entities */ = {
			isa = PBXGroup;
			children = (
				26EC27112898086000B84D2A /* Menu */,
				94D2154F288F285E00DFE786 /* Parking */,
			);
			path = Entities;
			sourceTree = "<group>";
		};
		94D2154F288F285E00DFE786 /* Parking */ = {
			isa = PBXGroup;
			children = (
				94D21550288F285E00DFE786 /* Parking.swift */,
				94D21551288F285E00DFE786 /* Gateway */,
			);
			path = Parking;
			sourceTree = "<group>";
		};
		94D21551288F285E00DFE786 /* Gateway */ = {
			isa = PBXGroup;
			children = (
				94D21552288F285E00DFE786 /* ParkingGateway.swift */,
			);
			path = Gateway;
			sourceTree = "<group>";
		};
		94D21553288F285E00DFE786 /* Data */ = {
			isa = PBXGroup;
			children = (
				94D21554288F285E00DFE786 /* Gateways */,
			);
			path = Data;
			sourceTree = "<group>";
		};
		94D21554288F285E00DFE786 /* Gateways */ = {
			isa = PBXGroup;
			children = (
				94D21555288F285E00DFE786 /* Parking */,
			);
			path = Gateways;
			sourceTree = "<group>";
		};
		94D21555288F285E00DFE786 /* Parking */ = {
			isa = PBXGroup;
			children = (
				94D2155A288F285E00DFE786 /* ParkingRepository.swift */,
				94D21556288F285E00DFE786 /* Network */,
			);
			path = Parking;
			sourceTree = "<group>";
		};
		94D21556288F285E00DFE786 /* Network */ = {
			isa = PBXGroup;
			children = (
				94D21559288F285E00DFE786 /* ParkingNetworkRepository.swift */,
				94D21557288F285E00DFE786 /* Entity */,
			);
			path = Network;
			sourceTree = "<group>";
		};
		94D21557288F285E00DFE786 /* Entity */ = {
			isa = PBXGroup;
			children = (
				94D21558288F285E00DFE786 /* ParkingNetworkEntity.swift */,
			);
			path = Entity;
			sourceTree = "<group>";
		};
		94D5770B28995E6400C7F7D3 /* YMKDrawer */ = {
			isa = PBXGroup;
			children = (
				94D5770C28995E6400C7F7D3 /* MainMapYMKDrawer.swift */,
			);
			path = YMKDrawer;
			sourceTree = "<group>";
		};
		94D5775328A27C1100C7F7D3 /* Cells */ = {
			isa = PBXGroup;
			children = (
				94D5775128A27C0D00C7F7D3 /* UsersAutoTableViewCell.swift */,
				94D5775728A2800A00C7F7D3 /* ParkingTableViewCell.swift */,
				94D5775928A2802E00C7F7D3 /* TimeTableViewCell.swift */,
			);
			path = Cells;
			sourceTree = "<group>";
		};
		A43F4FEB28AD4BDD006D6AFC /* Settings */ = {
			isa = PBXGroup;
			children = (
				A43F4FEC28AD4BF2006D6AFC /* SettingsCell.swift */,
				A43F4FEE28AD4C22006D6AFC /* SettingsHeader.swift */,
			);
			path = Settings;
			sourceTree = "<group>";
		};
		A43F4FF428AD4F63006D6AFC /* ViewModel */ = {
			isa = PBXGroup;
			children = (
				A43F4FE928AD4B5A006D6AFC /* SettingsViewModel.swift */,
			);
			path = ViewModel;
			sourceTree = "<group>";
		};
		A43F4FF528AD51D2006D6AFC /* Configurator */ = {
			isa = PBXGroup;
			children = (
				A43F4FF628AD51E4006D6AFC /* SettingsConfigurator.swift */,
			);
			path = Configurator;
			sourceTree = "<group>";
		};
		A43F4FF928AD6E5A006D6AFC /* View */ = {
			isa = PBXGroup;
			children = (
				A48BA72028ABDA56001EC8D4 /* SettingsViewController.swift */,
				A43F4FF028AD4E2C006D6AFC /* SettingsTableView.swift */,
				A48BA73528ABF1E7001EC8D4 /* SettingsCellView.swift */,
				A43F4FF228AD4EE5006D6AFC /* SettingsHeaderView.swift */,
			);
			path = View;
			sourceTree = "<group>";
		};
		A482DAF828AEC6DB00BB95FC /* Feedback */ = {
			isa = PBXGroup;
			children = (
				A48BA73028ABDB65001EC8D4 /* FeedbackViewController.swift */,
			);
			path = Feedback;
			sourceTree = "<group>";
		};
		A482DB0028AECB3400BB95FC /* About */ = {
			isa = PBXGroup;
			children = (
				A48BA73228ABDB79001EC8D4 /* AboutViewController.swift */,
				A482DB0328AEF7A300BB95FC /* AboutViewModel.swift */,
				A482DB0528AEF7B300BB95FC /* AboutConfigurator.swift */,
			);
			path = About;
			sourceTree = "<group>";
		};
		A48BA71F28ABDA40001EC8D4 /* ViewControllers */ = {
			isa = PBXGroup;
			children = (
				A48BA71D28ABD391001EC8D4 /* ProfileViewController.swift */,
				A4B1EED528AFEFBF00764A6C /* ChangeCity */,
				A48BA73428ABEE24001EC8D4 /* Settings */,
				A48BA72228ABDA6C001EC8D4 /* NotificationsViewController.swift */,
				A48BA72428ABDA8E001EC8D4 /* NewsViewController.swift */,
				A48BA72628ABDA98001EC8D4 /* HistoryViewController.swift */,
				A48BA72A28ABDB01001EC8D4 /* AnalyticsViewController.swift */,
				A4DF9AA328B43895009D6D66 /* NotificationsViewController.swift */,
				A48BA72C28ABDB19001EC8D4 /* CardsViewController.swift */,
				A44EB32528BCE3BF00321021 /* CarsViewController.swift */,
				A48BA72E28ABDB51001EC8D4 /* FinesAndEvacuationsViewController.swift */,
				A482DAF828AEC6DB00BB95FC /* Feedback */,
				A482DB0028AECB3400BB95FC /* About */,
			);
			path = ViewControllers;
			sourceTree = "<group>";
		};
		A48BA73428ABEE24001EC8D4 /* Settings */ = {
			isa = PBXGroup;
			children = (
				A43F4FF528AD51D2006D6AFC /* Configurator */,
				A43F4FF928AD6E5A006D6AFC /* View */,
				A43F4FF428AD4F63006D6AFC /* ViewModel */,
			);
			path = Settings;
			sourceTree = "<group>";
		};
		A4B1EED528AFEFBF00764A6C /* ChangeCity */ = {
			isa = PBXGroup;
			children = (
				A482DAF628AEB1FA00BB95FC /* ChangeCityViewController.swift */,
			);
			path = ChangeCity;
			sourceTree = "<group>";
		};
		A4EACC2728B91F8C00E759D3 /* CodeEnter */ = {
			isa = PBXGroup;
			children = (
				A4EACC2528B91F8300E759D3 /* CodeEnterConfigurator.swift */,
				A4EACC2128B77F3700E759D3 /* CodeEnterViewController.swift */,
				A4EACC2328B91F7500E759D3 /* CodeEnterViewModel.swift */,
			);
			path = CodeEnter;
			sourceTree = "<group>";
		};
		A4EACC2828B91F9A00E759D3 /* PhoneConfirmation */ = {
			isa = PBXGroup;
			children = (
				A4EACC2A28B91F9A00E759D3 /* PhoneNumberConfirmationViewController.swift */,
				A4EACC2B28B91F9A00E759D3 /* PhoneNumberConfirmationViewModel.swift */,
				A4EACC2928B91F9A00E759D3 /* PhoneNumberConfirmationConfigurator.swift */,
				A4EACC2728B91F8C00E759D3 /* CodeEnter */,
			);
			path = PhoneConfirmation;
			sourceTree = "<group>";
		};
		E2C5834F28C4EDAE00C07011 /* Fonts */ = {
			isa = PBXGroup;
			children = (
				E2C5835528C4EE1200C07011 /* Overpass-Black.ttf */,
				E2C5835F28C4EE1200C07011 /* Overpass-BlackItalic.ttf */,
				E2C5835A28C4EE1200C07011 /* Overpass-Bold.ttf */,
				E2C5835E28C4EE1200C07011 /* Overpass-BoldItalic.ttf */,
				E2C5835828C4EE1200C07011 /* Overpass-ExtraBold.ttf */,
				E2C5836128C4EE1200C07011 /* Overpass-ExtraBoldItalic.ttf */,
				E2C5835128C4EE1200C07011 /* Overpass-ExtraLight.ttf */,
				E2C5835028C4EE1200C07011 /* Overpass-ExtraLightItalic.ttf */,
				E2C5835928C4EE1200C07011 /* Overpass-Italic.ttf */,
				E2C5835C28C4EE1200C07011 /* Overpass-Light.ttf */,
				E2C5835D28C4EE1200C07011 /* Overpass-LightItalic.ttf */,
				E2C5836028C4EE1200C07011 /* Overpass-Medium.ttf */,
				E2C5835B28C4EE1200C07011 /* Overpass-MediumItalic.ttf */,
				E2C5835228C4EE1200C07011 /* Overpass-Regular.ttf */,
				E2C5835328C4EE1200C07011 /* Overpass-SemiBold.ttf */,
				E2C5835728C4EE1200C07011 /* Overpass-SemiBoldItalic.ttf */,
				E2C5835428C4EE1200C07011 /* Overpass-Thin.ttf */,
				E2C5835628C4EE1200C07011 /* Overpass-ThinItalic.ttf */,
			);
			path = Fonts;
			sourceTree = "<group>";
		};
		E2C5837428C4F03800C07011 /* Utils */ = {
			isa = PBXGroup;
			children = (
				E2C5837B28C4F8FD00C07011 /* Localizations */,
				E2C5837528C4F04500C07011 /* Extensions */,
				E2C5834F28C4EDAE00C07011 /* Fonts */,
			);
			path = Utils;
			sourceTree = "<group>";
		};
		E2C5837528C4F04500C07011 /* Extensions */ = {
			isa = PBXGroup;
			children = (
				E2C5837628C4F06200C07011 /* UIFont+Extensions.swift */,
			);
			path = Extensions;
			sourceTree = "<group>";
		};
		E2C5837B28C4F8FD00C07011 /* Localizations */ = {
			isa = PBXGroup;
			children = (
			);
			path = Localizations;
			sourceTree = "<group>";
		};
/* End PBXGroup section */

/* Begin PBXNativeTarget section */
		263836B5288C1EDB00EA4353 /* Parking */ = {
			isa = PBXNativeTarget;
			buildConfigurationList = 263836CA288C1EDD00EA4353 /* Build configuration list for PBXNativeTarget "Parking" */;
			buildPhases = (
				84C35617DACD00B76AC9F2FA /* [CP] Check Pods Manifest.lock */,
				263836B2288C1EDB00EA4353 /* Sources */,
				263836B3288C1EDB00EA4353 /* Frameworks */,
				263836B4288C1EDB00EA4353 /* Resources */,
				5A9BF4EF6A9F78B4CCDC93E9 /* [CP] Copy Pods Resources */,
			);
			buildRules = (
			);
			dependencies = (
			);
			name = Parking;
			packageProductDependencies = (
				94D21561288F293F00DFE786 /* BabyNet */,
				9408FF5628906C89002B1C12 /* MommysEye */,
			);
			productName = Parking;
			productReference = 263836B6288C1EDB00EA4353 /* Parking.app */;
			productType = "com.apple.product-type.application";
		};
/* End PBXNativeTarget section */

/* Begin PBXProject section */
		263836AE288C1EDB00EA4353 /* Project object */ = {
			isa = PBXProject;
			attributes = {
				BuildIndependentTargetsInParallel = 1;
				LastSwiftUpdateCheck = 1330;
				LastUpgradeCheck = 1330;
				TargetAttributes = {
					263836B5288C1EDB00EA4353 = {
						CreatedOnToolsVersion = 13.3.1;
					};
				};
			};
			buildConfigurationList = 263836B1288C1EDB00EA4353 /* Build configuration list for PBXProject "Parking" */;
			compatibilityVersion = "Xcode 13.0";
			developmentRegion = en;
			hasScannedForEncodings = 0;
			knownRegions = (
				en,
				Base,
				ru,
			);
			mainGroup = 263836AD288C1EDB00EA4353;
			packageReferences = (
				94D21560288F293F00DFE786 /* XCRemoteSwiftPackageReference "BabyNet" */,
				9408FF5528906C89002B1C12 /* XCRemoteSwiftPackageReference "MommysEye" */,
			);
			productRefGroup = 263836B7288C1EDB00EA4353 /* Products */;
			projectDirPath = "";
			projectRoot = "";
			targets = (
				263836B5288C1EDB00EA4353 /* Parking */,
			);
		};
/* End PBXProject section */

/* Begin PBXResourcesBuildPhase section */
		263836B4288C1EDB00EA4353 /* Resources */ = {
			isa = PBXResourcesBuildPhase;
			buildActionMask = 2147483647;
			files = (
				E2C5837228C4EE1300C07011 /* Overpass-Medium.ttf in Resources */,
				E2C5836628C4EE1300C07011 /* Overpass-Thin.ttf in Resources */,
				E2C5837328C4EE1300C07011 /* Overpass-ExtraBoldItalic.ttf in Resources */,
				E2C5836428C4EE1300C07011 /* Overpass-Regular.ttf in Resources */,
				E2C5836328C4EE1300C07011 /* Overpass-ExtraLight.ttf in Resources */,
				2668D8FD2893E2F00034BDA0 /* Keys.plist in Resources */,
				E2C5837028C4EE1300C07011 /* Overpass-BoldItalic.ttf in Resources */,
				263836C6288C1EDD00EA4353 /* LaunchScreen.storyboard in Resources */,
				E2C5836728C4EE1300C07011 /* Overpass-Black.ttf in Resources */,
				E2C5838428C4FD4F00C07011 /* InfoPlist.strings in Resources */,
				E2C5836E28C4EE1300C07011 /* Overpass-Light.ttf in Resources */,
				263836C3288C1EDD00EA4353 /* Assets.xcassets in Resources */,
				E2C5836528C4EE1300C07011 /* Overpass-SemiBold.ttf in Resources */,
				E2C5836B28C4EE1300C07011 /* Overpass-Italic.ttf in Resources */,
				E2C5836D28C4EE1300C07011 /* Overpass-MediumItalic.ttf in Resources */,
				E2C5836828C4EE1300C07011 /* Overpass-ThinItalic.ttf in Resources */,
				E2C5836C28C4EE1300C07011 /* Overpass-Bold.ttf in Resources */,
				E2C5836228C4EE1300C07011 /* Overpass-ExtraLightItalic.ttf in Resources */,
				E2C5836928C4EE1300C07011 /* Overpass-SemiBoldItalic.ttf in Resources */,
				E2C5836A28C4EE1300C07011 /* Overpass-ExtraBold.ttf in Resources */,
				E2C5837128C4EE1300C07011 /* Overpass-BlackItalic.ttf in Resources */,
				E2C5836F28C4EE1300C07011 /* Overpass-LightItalic.ttf in Resources */,
			);
			runOnlyForDeploymentPostprocessing = 0;
		};
/* End PBXResourcesBuildPhase section */

/* Begin PBXShellScriptBuildPhase section */
		5A9BF4EF6A9F78B4CCDC93E9 /* [CP] Copy Pods Resources */ = {
			isa = PBXShellScriptBuildPhase;
			buildActionMask = 2147483647;
			files = (
			);
			inputFileListPaths = (
				"${PODS_ROOT}/Target Support Files/Pods-Parking/Pods-Parking-resources-${CONFIGURATION}-input-files.xcfilelist",
			);
			name = "[CP] Copy Pods Resources";
			outputFileListPaths = (
				"${PODS_ROOT}/Target Support Files/Pods-Parking/Pods-Parking-resources-${CONFIGURATION}-output-files.xcfilelist",
			);
			runOnlyForDeploymentPostprocessing = 0;
			shellPath = /bin/sh;
			shellScript = "\"${PODS_ROOT}/Target Support Files/Pods-Parking/Pods-Parking-resources.sh\"\n";
			showEnvVarsInLog = 0;
		};
		84C35617DACD00B76AC9F2FA /* [CP] Check Pods Manifest.lock */ = {
			isa = PBXShellScriptBuildPhase;
			buildActionMask = 2147483647;
			files = (
			);
			inputFileListPaths = (
			);
			inputPaths = (
				"${PODS_PODFILE_DIR_PATH}/Podfile.lock",
				"${PODS_ROOT}/Manifest.lock",
			);
			name = "[CP] Check Pods Manifest.lock";
			outputFileListPaths = (
			);
			outputPaths = (
				"$(DERIVED_FILE_DIR)/Pods-Parking-checkManifestLockResult.txt",
			);
			runOnlyForDeploymentPostprocessing = 0;
			shellPath = /bin/sh;
			shellScript = "diff \"${PODS_PODFILE_DIR_PATH}/Podfile.lock\" \"${PODS_ROOT}/Manifest.lock\" > /dev/null\nif [ $? != 0 ] ; then\n    # print error to STDERR\n    echo \"error: The sandbox is not in sync with the Podfile.lock. Run 'pod install' or update your CocoaPods installation.\" >&2\n    exit 1\nfi\n# This output is used by Xcode 'outputs' to avoid re-running this script phase.\necho \"SUCCESS\" > \"${SCRIPT_OUTPUT_FILE_0}\"\n";
			showEnvVarsInLog = 0;
		};
/* End PBXShellScriptBuildPhase section */

/* Begin PBXSourcesBuildPhase section */
		263836B2288C1EDB00EA4353 /* Sources */ = {
			isa = PBXSourcesBuildPhase;
			buildActionMask = 2147483647;
			files = (
				94A7F45428ABE913001FD271 /* PaymentSceneConfigurator.swift in Sources */,
				A4EACC2428B91F7500E759D3 /* CodeEnterViewModel.swift in Sources */,
				94D5775028A27B2100C7F7D3 /* ResizingTableView.swift in Sources */,
				94A7F45028ABE87A001FD271 /* PaymentViewController.swift in Sources */,
				94A7F45728ACD13A001FD271 /* PaymentMethodView.swift in Sources */,
				94D2155B288F285E00DFE786 /* Parking.swift in Sources */,
				A48BA72B28ABDB01001EC8D4 /* AnalyticsViewController.swift in Sources */,
				A48BA73628ABF1E7001EC8D4 /* SettingsCellView.swift in Sources */,
				A43F4FF128AD4E2C006D6AFC /* SettingsTableView.swift in Sources */,
				9408FF4528900855002B1C12 /* OrderSheetTransitionDelegate.swift in Sources */,
				94A7F46428AD1E4E001FD271 /* SearchViewModel.swift in Sources */,
				26DB52FF289EEEF900CF0611 /* MenuHeaderView.swift in Sources */,
				A4EACC2C28B9215600E759D3 /* PhoneNumberConfirmationViewController.swift in Sources */,
				9496461628AF9E290095FB6E /* ParkingSearchBottomSheetRouter.swift in Sources */,
				2643D907289B0CD6005D8E37 /* CashView.swift in Sources */,
				A43F4FEA28AD4B5A006D6AFC /* SettingsViewModel.swift in Sources */,
				A482DB0628AEF7B300BB95FC /* AboutConfigurator.swift in Sources */,
				A4DF48C128BFAD8000A97EEC /* ChangeCityViewController.swift in Sources */,
				9408FF4628900855002B1C12 /* OrderSheetPresentationViewController.swift in Sources */,
				A4DF9AA528B4397E009D6D66 /* CardsViewController.swift in Sources */,
				A482DB0428AEF7A300BB95FC /* AboutViewModel.swift in Sources */,
				A43F4FEF28AD4C22006D6AFC /* SettingsHeader.swift in Sources */,
				94D5775828A2800A00C7F7D3 /* ParkingTableViewCell.swift in Sources */,
				E2C5837728C4F06200C07011 /* UIFont+Extensions.swift in Sources */,
				A44EB32628BCE3BF00321021 /* CarsViewController.swift in Sources */,
				94D5771328995F0000C7F7D3 /* ImageScaler.swift in Sources */,
				26DB5301289EF1F200CF0611 /* MenuHeader.swift in Sources */,
				9496460C28AF8AEF0095FB6E /* ParkingSearchBottomSheetTransitionDelegate.swift in Sources */,
				9496461428AF9DE80095FB6E /* ParkingSearchBottomSheetViewModel.swift in Sources */,
				263836BA288C1EDB00EA4353 /* AppDelegate.swift in Sources */,
				94D5771128995F0000C7F7D3 /* TextDrawer.swift in Sources */,
				94D2155E288F285E00DFE786 /* ParkingNetworkRepository.swift in Sources */,
				A4EACC2E28B9215C00E759D3 /* PhoneNumberConfirmationConfigurator.swift in Sources */,
				9496460928AF89390095FB6E /* ParkingSearchTableViewCell.swift in Sources */,
				9408FF4A289032A9002B1C12 /* ScaleButton.swift in Sources */,
				9408FF5328906B33002B1C12 /* MainMapRouter.swift in Sources */,
				263836BC288C1EDB00EA4353 /* SceneDelegate.swift in Sources */,
				94F86A0C28A52FC600857209 /* TouchForwardView.swift in Sources */,
				94D2155D288F285E00DFE786 /* ParkingNetworkEntity.swift in Sources */,
				9408FF3D28900773002B1C12 /* MainMapViewController.swift in Sources */,
				26EC270C2898040E00B84D2A /* MenuTableView.swift in Sources */,
				A43F4FF728AD51E4006D6AFC /* SettingsConfigurator.swift in Sources */,
				26EC27142898099C00B84D2A /* MenuViewModel.swift in Sources */,
				9408FF5028906B1A002B1C12 /* MainMapConfigurator.swift in Sources */,
				A48BA72728ABDA98001EC8D4 /* HistoryViewController.swift in Sources */,
				94D5771228995F0000C7F7D3 /* SelectionState.swift in Sources */,
				26DB5306289FFFA600CF0611 /* MenuNavigationController.swift in Sources */,
				A48BA72128ABDA56001EC8D4 /* SettingsViewController.swift in Sources */,
				9408FF3F289007E1002B1C12 /* OrderSheetViewController.swift in Sources */,
				A43F4FED28AD4BF2006D6AFC /* SettingsCell.swift in Sources */,
				26EC27102898077D00B84D2A /* MenuCell.swift in Sources */,
				26EC271828980F4700B84D2A /* MenuViewController.swift in Sources */,
				26EC270E2898050100B84D2A /* MenuCellView.swift in Sources */,
				9496460F28AF8B440095FB6E /* ParkingSearchBottomSheetPresentationViewController.swift in Sources */,
				2643D906289B0CD6005D8E37 /* MapButtonsView.swift in Sources */,
				A4EACC2628B91F8300E759D3 /* CodeEnterConfigurator.swift in Sources */,
				9496460528AF86CE0095FB6E /* ParkingSearchBottomSheet.swift in Sources */,
				94A7F46128AD09D4001FD271 /* SearchSceneConfigurator.swift in Sources */,
				26DB5304289EFB5F00CF0611 /* MenuConfigurator.swift in Sources */,
				94A7F45E28ACFE0E001FD271 /* SearchTableViewCell.swift in Sources */,
				26EC2716289809B300B84D2A /* MenuRouter.swift in Sources */,
				94D2155F288F285E00DFE786 /* ParkingRepository.swift in Sources */,
				9408FF59289070D4002B1C12 /* SceneConfiguratorProtocol.swift in Sources */,
				A4EACC2D28B9215800E759D3 /* PhoneNumberConfirmationViewModel.swift in Sources */,
				94D5775228A27C0D00C7F7D3 /* UsersAutoTableViewCell.swift in Sources */,
				94A7F45A28ACFCA4001FD271 /* SearchViewController.swift in Sources */,
				A4EACC2228B77F3700E759D3 /* CodeEnterViewController.swift in Sources */,
				9496461128AF8B9C0095FB6E /* ParkingSearchBottomSheetSceneConfigurator.swift in Sources */,
				94D5775A28A2802E00C7F7D3 /* TimeTableViewCell.swift in Sources */,
				94D5775C28A2D9E000C7F7D3 /* LabelContentSizedButton.swift in Sources */,
				A43F4FF328AD4EE5006D6AFC /* SettingsHeaderView.swift in Sources */,
				A4DF9AA428B43895009D6D66 /* NotificationsViewController.swift in Sources */,
				94D2155C288F285E00DFE786 /* ParkingGateway.swift in Sources */,
				A4DF9AA628B43987009D6D66 /* FinesAndEvacuationsViewController.swift in Sources */,
				A48BA73128ABDB65001EC8D4 /* FeedbackViewController.swift in Sources */,
				A48BA71E28ABD391001EC8D4 /* ProfileViewController.swift in Sources */,
				A48BA73328ABDB79001EC8D4 /* AboutViewController.swift in Sources */,
				A48BA72528ABDA8E001EC8D4 /* NewsViewController.swift in Sources */,
				94D5770D28995E6400C7F7D3 /* MainMapYMKDrawer.swift in Sources */,
				9408FF4D28906ADF002B1C12 /* MainMapViewModel.swift in Sources */,
			);
			runOnlyForDeploymentPostprocessing = 0;
		};
/* End PBXSourcesBuildPhase section */

/* Begin PBXVariantGroup section */
		263836C4288C1EDD00EA4353 /* LaunchScreen.storyboard */ = {
			isa = PBXVariantGroup;
			children = (
				263836C5288C1EDD00EA4353 /* Base */,
			);
			name = LaunchScreen.storyboard;
			sourceTree = "<group>";
		};
		E2C5838228C4FD4F00C07011 /* InfoPlist.strings */ = {
			isa = PBXVariantGroup;
			children = (
				E2C5838328C4FD4F00C07011 /* Base */,
				E2C5838528C4FD9F00C07011 /* en */,
				E2C5838728C4FEB800C07011 /* ru */,
			);
			name = InfoPlist.strings;
			sourceTree = "<group>";
		};
/* End PBXVariantGroup section */

/* Begin XCBuildConfiguration section */
		263836C8288C1EDD00EA4353 /* Debug */ = {
			isa = XCBuildConfiguration;
			buildSettings = {
				ALWAYS_SEARCH_USER_PATHS = NO;
				CLANG_ANALYZER_LOCALIZABILITY_NONLOCALIZED = YES;
				CLANG_ANALYZER_NONNULL = YES;
				CLANG_ANALYZER_NUMBER_OBJECT_CONVERSION = YES_AGGRESSIVE;
				CLANG_CXX_LANGUAGE_STANDARD = "gnu++17";
				CLANG_ENABLE_MODULES = YES;
				CLANG_ENABLE_OBJC_ARC = YES;
				CLANG_ENABLE_OBJC_WEAK = YES;
				CLANG_WARN_BLOCK_CAPTURE_AUTORELEASING = YES;
				CLANG_WARN_BOOL_CONVERSION = YES;
				CLANG_WARN_COMMA = YES;
				CLANG_WARN_CONSTANT_CONVERSION = YES;
				CLANG_WARN_DEPRECATED_OBJC_IMPLEMENTATIONS = YES;
				CLANG_WARN_DIRECT_OBJC_ISA_USAGE = YES_ERROR;
				CLANG_WARN_DOCUMENTATION_COMMENTS = YES;
				CLANG_WARN_EMPTY_BODY = YES;
				CLANG_WARN_ENUM_CONVERSION = YES;
				CLANG_WARN_INFINITE_RECURSION = YES;
				CLANG_WARN_INT_CONVERSION = YES;
				CLANG_WARN_NON_LITERAL_NULL_CONVERSION = YES;
				CLANG_WARN_OBJC_IMPLICIT_RETAIN_SELF = YES;
				CLANG_WARN_OBJC_LITERAL_CONVERSION = YES;
				CLANG_WARN_OBJC_ROOT_CLASS = YES_ERROR;
				CLANG_WARN_QUOTED_INCLUDE_IN_FRAMEWORK_HEADER = YES;
				CLANG_WARN_RANGE_LOOP_ANALYSIS = YES;
				CLANG_WARN_STRICT_PROTOTYPES = YES;
				CLANG_WARN_SUSPICIOUS_MOVE = YES;
				CLANG_WARN_UNGUARDED_AVAILABILITY = YES_AGGRESSIVE;
				CLANG_WARN_UNREACHABLE_CODE = YES;
				CLANG_WARN__DUPLICATE_METHOD_MATCH = YES;
				COPY_PHASE_STRIP = NO;
				DEBUG_INFORMATION_FORMAT = dwarf;
				ENABLE_STRICT_OBJC_MSGSEND = YES;
				ENABLE_TESTABILITY = YES;
				EXCLUDED_ARCHS = "";
				GCC_C_LANGUAGE_STANDARD = gnu11;
				GCC_DYNAMIC_NO_PIC = NO;
				GCC_NO_COMMON_BLOCKS = YES;
				GCC_OPTIMIZATION_LEVEL = 0;
				GCC_PREPROCESSOR_DEFINITIONS = (
					"DEBUG=1",
					"$(inherited)",
				);
				GCC_WARN_64_TO_32_BIT_CONVERSION = YES;
				GCC_WARN_ABOUT_RETURN_TYPE = YES_ERROR;
				GCC_WARN_UNDECLARED_SELECTOR = YES;
				GCC_WARN_UNINITIALIZED_AUTOS = YES_AGGRESSIVE;
				GCC_WARN_UNUSED_FUNCTION = YES;
				GCC_WARN_UNUSED_VARIABLE = YES;
				IPHONEOS_DEPLOYMENT_TARGET = 15.0;
				MTL_ENABLE_DEBUG_INFO = INCLUDE_SOURCE;
				MTL_FAST_MATH = YES;
				ONLY_ACTIVE_ARCH = YES;
				SDKROOT = iphoneos;
				SWIFT_ACTIVE_COMPILATION_CONDITIONS = DEBUG;
				SWIFT_OPTIMIZATION_LEVEL = "-Onone";
			};
			name = Debug;
		};
		263836C9288C1EDD00EA4353 /* Release */ = {
			isa = XCBuildConfiguration;
			buildSettings = {
				ALWAYS_SEARCH_USER_PATHS = NO;
				CLANG_ANALYZER_LOCALIZABILITY_NONLOCALIZED = YES;
				CLANG_ANALYZER_NONNULL = YES;
				CLANG_ANALYZER_NUMBER_OBJECT_CONVERSION = YES_AGGRESSIVE;
				CLANG_CXX_LANGUAGE_STANDARD = "gnu++17";
				CLANG_ENABLE_MODULES = YES;
				CLANG_ENABLE_OBJC_ARC = YES;
				CLANG_ENABLE_OBJC_WEAK = YES;
				CLANG_WARN_BLOCK_CAPTURE_AUTORELEASING = YES;
				CLANG_WARN_BOOL_CONVERSION = YES;
				CLANG_WARN_COMMA = YES;
				CLANG_WARN_CONSTANT_CONVERSION = YES;
				CLANG_WARN_DEPRECATED_OBJC_IMPLEMENTATIONS = YES;
				CLANG_WARN_DIRECT_OBJC_ISA_USAGE = YES_ERROR;
				CLANG_WARN_DOCUMENTATION_COMMENTS = YES;
				CLANG_WARN_EMPTY_BODY = YES;
				CLANG_WARN_ENUM_CONVERSION = YES;
				CLANG_WARN_INFINITE_RECURSION = YES;
				CLANG_WARN_INT_CONVERSION = YES;
				CLANG_WARN_NON_LITERAL_NULL_CONVERSION = YES;
				CLANG_WARN_OBJC_IMPLICIT_RETAIN_SELF = YES;
				CLANG_WARN_OBJC_LITERAL_CONVERSION = YES;
				CLANG_WARN_OBJC_ROOT_CLASS = YES_ERROR;
				CLANG_WARN_QUOTED_INCLUDE_IN_FRAMEWORK_HEADER = YES;
				CLANG_WARN_RANGE_LOOP_ANALYSIS = YES;
				CLANG_WARN_STRICT_PROTOTYPES = YES;
				CLANG_WARN_SUSPICIOUS_MOVE = YES;
				CLANG_WARN_UNGUARDED_AVAILABILITY = YES_AGGRESSIVE;
				CLANG_WARN_UNREACHABLE_CODE = YES;
				CLANG_WARN__DUPLICATE_METHOD_MATCH = YES;
				COPY_PHASE_STRIP = NO;
				DEBUG_INFORMATION_FORMAT = "dwarf-with-dsym";
				ENABLE_NS_ASSERTIONS = NO;
				ENABLE_STRICT_OBJC_MSGSEND = YES;
				EXCLUDED_ARCHS = "";
				GCC_C_LANGUAGE_STANDARD = gnu11;
				GCC_NO_COMMON_BLOCKS = YES;
				GCC_WARN_64_TO_32_BIT_CONVERSION = YES;
				GCC_WARN_ABOUT_RETURN_TYPE = YES_ERROR;
				GCC_WARN_UNDECLARED_SELECTOR = YES;
				GCC_WARN_UNINITIALIZED_AUTOS = YES_AGGRESSIVE;
				GCC_WARN_UNUSED_FUNCTION = YES;
				GCC_WARN_UNUSED_VARIABLE = YES;
				IPHONEOS_DEPLOYMENT_TARGET = 15.0;
				MTL_ENABLE_DEBUG_INFO = NO;
				MTL_FAST_MATH = YES;
				SDKROOT = iphoneos;
				SWIFT_COMPILATION_MODE = wholemodule;
				SWIFT_OPTIMIZATION_LEVEL = "-O";
				VALIDATE_PRODUCT = YES;
			};
			name = Release;
		};
		263836CB288C1EDD00EA4353 /* Debug */ = {
			isa = XCBuildConfiguration;
			baseConfigurationReference = A5B1A308C243B8098EC99AE2 /* Pods-Parking.debug.xcconfig */;
			buildSettings = {
				ASSETCATALOG_COMPILER_APPICON_NAME = AppIcon;
				ASSETCATALOG_COMPILER_GLOBAL_ACCENT_COLOR_NAME = AccentColor;
				CODE_SIGN_STYLE = Automatic;
				CURRENT_PROJECT_VERSION = 1;
				DEVELOPMENT_TEAM = QAHQ4CZUW5;
				EXCLUDED_ARCHS = "";
				GENERATE_INFOPLIST_FILE = YES;
				INFOPLIST_FILE = Parking/Info.plist;
				INFOPLIST_KEY_NSLocationWhenInUseUsageDescription = "This app displays parkings on map";
				INFOPLIST_KEY_UIApplicationSupportsIndirectInputEvents = YES;
				INFOPLIST_KEY_UILaunchStoryboardName = LaunchScreen;
				INFOPLIST_KEY_UIMainStoryboardFile = "";
				INFOPLIST_KEY_UISupportedInterfaceOrientations_iPad = "UIInterfaceOrientationPortrait UIInterfaceOrientationPortraitUpsideDown UIInterfaceOrientationLandscapeLeft UIInterfaceOrientationLandscapeRight";
				INFOPLIST_KEY_UISupportedInterfaceOrientations_iPhone = "UIInterfaceOrientationPortrait UIInterfaceOrientationLandscapeLeft UIInterfaceOrientationLandscapeRight";
				IPHONEOS_DEPLOYMENT_TARGET = 13.0;
				LD_RUNPATH_SEARCH_PATHS = (
					"$(inherited)",
					"@executable_path/Frameworks",
				);
				MARKETING_VERSION = 1.0;
				PRODUCT_BUNDLE_IDENTIFIER = com.ios.prosyanoy.Parking;
				PRODUCT_NAME = "$(TARGET_NAME)";
				SWIFT_EMIT_LOC_STRINGS = YES;
				SWIFT_VERSION = 5.0;
				TARGETED_DEVICE_FAMILY = 1;
			};
			name = Debug;
		};
		263836CC288C1EDD00EA4353 /* Release */ = {
			isa = XCBuildConfiguration;
			baseConfigurationReference = 2D33C7897C19DB274E75BBA0 /* Pods-Parking.release.xcconfig */;
			buildSettings = {
				ASSETCATALOG_COMPILER_APPICON_NAME = AppIcon;
				ASSETCATALOG_COMPILER_GLOBAL_ACCENT_COLOR_NAME = AccentColor;
				CODE_SIGN_STYLE = Automatic;
				CURRENT_PROJECT_VERSION = 1;
				DEVELOPMENT_TEAM = QAHQ4CZUW5;
				EXCLUDED_ARCHS = "";
				GENERATE_INFOPLIST_FILE = YES;
				INFOPLIST_FILE = Parking/Info.plist;
				INFOPLIST_KEY_NSLocationWhenInUseUsageDescription = "This app displays parkings on map";
				INFOPLIST_KEY_UIApplicationSupportsIndirectInputEvents = YES;
				INFOPLIST_KEY_UILaunchStoryboardName = LaunchScreen;
				INFOPLIST_KEY_UIMainStoryboardFile = "";
				INFOPLIST_KEY_UISupportedInterfaceOrientations_iPad = "UIInterfaceOrientationPortrait UIInterfaceOrientationPortraitUpsideDown UIInterfaceOrientationLandscapeLeft UIInterfaceOrientationLandscapeRight";
				INFOPLIST_KEY_UISupportedInterfaceOrientations_iPhone = "UIInterfaceOrientationPortrait UIInterfaceOrientationLandscapeLeft UIInterfaceOrientationLandscapeRight";
				IPHONEOS_DEPLOYMENT_TARGET = 13.0;
				LD_RUNPATH_SEARCH_PATHS = (
					"$(inherited)",
					"@executable_path/Frameworks",
				);
				MARKETING_VERSION = 1.0;
				PRODUCT_BUNDLE_IDENTIFIER = com.ios.prosyanoy.Parking;
				PRODUCT_NAME = "$(TARGET_NAME)";
				SWIFT_EMIT_LOC_STRINGS = YES;
				SWIFT_VERSION = 5.0;
				TARGETED_DEVICE_FAMILY = 1;
			};
			name = Release;
		};
/* End XCBuildConfiguration section */

/* Begin XCConfigurationList section */
		263836B1288C1EDB00EA4353 /* Build configuration list for PBXProject "Parking" */ = {
			isa = XCConfigurationList;
			buildConfigurations = (
				263836C8288C1EDD00EA4353 /* Debug */,
				263836C9288C1EDD00EA4353 /* Release */,
			);
			defaultConfigurationIsVisible = 0;
			defaultConfigurationName = Release;
		};
		263836CA288C1EDD00EA4353 /* Build configuration list for PBXNativeTarget "Parking" */ = {
			isa = XCConfigurationList;
			buildConfigurations = (
				263836CB288C1EDD00EA4353 /* Debug */,
				263836CC288C1EDD00EA4353 /* Release */,
			);
			defaultConfigurationIsVisible = 0;
			defaultConfigurationName = Release;
		};
/* End XCConfigurationList section */

/* Begin XCRemoteSwiftPackageReference section */
		9408FF5528906C89002B1C12 /* XCRemoteSwiftPackageReference "MommysEye" */ = {
			isa = XCRemoteSwiftPackageReference;
			repositoryURL = "https://github.com/4440449/MommysEye";
			requirement = {
				branch = master;
				kind = branch;
			};
		};
		94D21560288F293F00DFE786 /* XCRemoteSwiftPackageReference "BabyNet" */ = {
			isa = XCRemoteSwiftPackageReference;
			repositoryURL = "https://github.com/4440449/BabyNet";
			requirement = {
				branch = master;
				kind = branch;
			};
		};
/* End XCRemoteSwiftPackageReference section */

/* Begin XCSwiftPackageProductDependency section */
		9408FF5628906C89002B1C12 /* MommysEye */ = {
			isa = XCSwiftPackageProductDependency;
			package = 9408FF5528906C89002B1C12 /* XCRemoteSwiftPackageReference "MommysEye" */;
			productName = MommysEye;
		};
		94D21561288F293F00DFE786 /* BabyNet */ = {
			isa = XCSwiftPackageProductDependency;
			package = 94D21560288F293F00DFE786 /* XCRemoteSwiftPackageReference "BabyNet" */;
			productName = BabyNet;
		};
/* End XCSwiftPackageProductDependency section */
	};
	rootObject = 263836AE288C1EDB00EA4353 /* Project object */;
}
